// !$*UTF8*$!
{
	archiveVersion = 1;
	classes = {
	};
	objectVersion = 56;
	objects = {

/* Begin PBXBuildFile section */
		724FC8A32C4E36A000CDA561 /* AppDelegate.swift in Sources */ = {isa = PBXBuildFile; fileRef = 724FC8A22C4E36A000CDA561 /* AppDelegate.swift */; };
		724FC8A52C4E36A000CDA561 /* SceneDelegate.swift in Sources */ = {isa = PBXBuildFile; fileRef = 724FC8A42C4E36A000CDA561 /* SceneDelegate.swift */; };
		724FC8AC2C4E36A200CDA561 /* Assets.xcassets in Resources */ = {isa = PBXBuildFile; fileRef = 724FC8AB2C4E36A200CDA561 /* Assets.xcassets */; };
		724FC8AF2C4E36A200CDA561 /* Base in Resources */ = {isa = PBXBuildFile; fileRef = 724FC8AE2C4E36A200CDA561 /* Base */; };
		724FC8BB2C4E40F400CDA561 /* ResourceFont.swift in Sources */ = {isa = PBXBuildFile; fileRef = 724FC8BA2C4E40F400CDA561 /* ResourceFont.swift */; };
		724FC8BD2C4E414E00CDA561 /* .gitignore in Resources */ = {isa = PBXBuildFile; fileRef = 724FC8BC2C4E414E00CDA561 /* .gitignore */; };
		724FC8C12C4E47AB00CDA561 /* BaseView.swift in Sources */ = {isa = PBXBuildFile; fileRef = 724FC8C02C4E47AB00CDA561 /* BaseView.swift */; };
		724FC8C32C4E47D000CDA561 /* BaseViewController.swift in Sources */ = {isa = PBXBuildFile; fileRef = 724FC8C22C4E47D000CDA561 /* BaseViewController.swift */; };
		724FC8C52C4E47FB00CDA561 /* BaseCollectionViewCell.swift in Sources */ = {isa = PBXBuildFile; fileRef = 724FC8C42C4E47FB00CDA561 /* BaseCollectionViewCell.swift */; };
		724FC8C72C4E481C00CDA561 /* BaseTableViewCell.swift in Sources */ = {isa = PBXBuildFile; fileRef = 724FC8C62C4E481C00CDA561 /* BaseTableViewCell.swift */; };
		724FC8C92C4E4A1800CDA561 /* OnBoardingViewController.swift in Sources */ = {isa = PBXBuildFile; fileRef = 724FC8C82C4E4A1800CDA561 /* OnBoardingViewController.swift */; };
		724FC8CC2C4E4A7400CDA561 /* OnBoardingView.swift in Sources */ = {isa = PBXBuildFile; fileRef = 724FC8CB2C4E4A7400CDA561 /* OnBoardingView.swift */; };
		724FC8CF2C4E4B2700CDA561 /* SnapKit in Frameworks */ = {isa = PBXBuildFile; productRef = 724FC8CE2C4E4B2700CDA561 /* SnapKit */; };
		724FC8D22C4E51D400CDA561 /* MainPosterImageView.swift in Sources */ = {isa = PBXBuildFile; fileRef = 724FC8D12C4E51D400CDA561 /* MainPosterImageView.swift */; };
		724FC8D72C4E561600CDA561 /* PointButton.swift in Sources */ = {isa = PBXBuildFile; fileRef = 724FC8D62C4E561600CDA561 /* PointButton.swift */; };
		724FC8DC2C4E89AD00CDA561 /* ProfileSettingViewController.swift in Sources */ = {isa = PBXBuildFile; fileRef = 724FC8DB2C4E89AD00CDA561 /* ProfileSettingViewController.swift */; };
		724FC8DE2C4E89D700CDA561 /* ProfileSettingView.swift in Sources */ = {isa = PBXBuildFile; fileRef = 724FC8DD2C4E89D700CDA561 /* ProfileSettingView.swift */; };
		724FC8E02C4E8D7C00CDA561 /* CameraImage.swift in Sources */ = {isa = PBXBuildFile; fileRef = 724FC8DF2C4E8D7C00CDA561 /* CameraImage.swift */; };
		724FC8E22C4E8E7D00CDA561 /* ProfileImageView.swift in Sources */ = {isa = PBXBuildFile; fileRef = 724FC8E12C4E8E7D00CDA561 /* ProfileImageView.swift */; };
		724FC8E42C4E91EE00CDA561 /* NicknameTextField.swift in Sources */ = {isa = PBXBuildFile; fileRef = 724FC8E32C4E91EE00CDA561 /* NicknameTextField.swift */; };
		724FC8E72C4E9BA600CDA561 /* UIButton+Extension.swift in Sources */ = {isa = PBXBuildFile; fileRef = 724FC8E62C4E9BA600CDA561 /* UIButton+Extension.swift */; };
		724FC8EA2C4EBF4300CDA561 /* Observable.swift in Sources */ = {isa = PBXBuildFile; fileRef = 724FC8E92C4EBF4300CDA561 /* Observable.swift */; };
		724FC8ED2C4EBFA700CDA561 /* ProfileSettingViewModel.swift in Sources */ = {isa = PBXBuildFile; fileRef = 724FC8EC2C4EBFA700CDA561 /* ProfileSettingViewModel.swift */; };
		724FC8F12C4F36C800CDA561 /* TrendsByTopicMainViewController.swift in Sources */ = {isa = PBXBuildFile; fileRef = 724FC8F02C4F36C800CDA561 /* TrendsByTopicMainViewController.swift */; };
		724FC8F32C4F36E600CDA561 /* TrendsByTopicMainView.swift in Sources */ = {isa = PBXBuildFile; fileRef = 724FC8F22C4F36E600CDA561 /* TrendsByTopicMainView.swift */; };
		724FC8FD2C4F6E1800CDA561 /* TabBarController.swift in Sources */ = {isa = PBXBuildFile; fileRef = 724FC8FC2C4F6E1800CDA561 /* TabBarController.swift */; };
		724FC9272C4F8B8000CDA561 /* EditProfileViewController.swift in Sources */ = {isa = PBXBuildFile; fileRef = 724FC9262C4F8B8000CDA561 /* EditProfileViewController.swift */; };
		724FC9292C4F8B8D00CDA561 /* EditProfileView.swift in Sources */ = {isa = PBXBuildFile; fileRef = 724FC9282C4F8B8D00CDA561 /* EditProfileView.swift */; };
		724FC92B2C4F8EBE00CDA561 /* EditProfileCollectionViewCell.swift in Sources */ = {isa = PBXBuildFile; fileRef = 724FC92A2C4F8EBE00CDA561 /* EditProfileCollectionViewCell.swift */; };
		724FC92E2C4F8F3300CDA561 /* ReuseIdentifierProtocol.swift in Sources */ = {isa = PBXBuildFile; fileRef = 724FC92D2C4F8F3300CDA561 /* ReuseIdentifierProtocol.swift */; };
		724FC9302C501E1300CDA561 /* UIImage+Extension.swift in Sources */ = {isa = PBXBuildFile; fileRef = 724FC92F2C501E1300CDA561 /* UIImage+Extension.swift */; };
		724FC9542C50E3D000CDA561 /* ProfileSetProtocol.swift in Sources */ = {isa = PBXBuildFile; fileRef = 724FC9532C50E3D000CDA561 /* ProfileSetProtocol.swift */; };
		724FC9562C51294700CDA561 /* TrendsByTopicTableViewCell.swift in Sources */ = {isa = PBXBuildFile; fileRef = 724FC9552C51294700CDA561 /* TrendsByTopicTableViewCell.swift */; };
		724FC9582C512B2600CDA561 /* TrendsByTopicCollectionViewCell.swift in Sources */ = {isa = PBXBuildFile; fileRef = 724FC9572C512B2600CDA561 /* TrendsByTopicCollectionViewCell.swift */; };
		724FC95C2C51375D00CDA561 /* Alamofire in Frameworks */ = {isa = PBXBuildFile; productRef = 724FC95B2C51375D00CDA561 /* Alamofire */; };
		724FC95E2C51378B00CDA561 /* UnSplashRouter.swift in Sources */ = {isa = PBXBuildFile; fileRef = 724FC95D2C51378B00CDA561 /* UnSplashRouter.swift */; };
		724FC9602C51383100CDA561 /* APIKey.swift in Sources */ = {isa = PBXBuildFile; fileRef = 724FC95F2C51383100CDA561 /* APIKey.swift */; };
		724FC9622C513B8800CDA561 /* UnSplashAPIManager.swift in Sources */ = {isa = PBXBuildFile; fileRef = 724FC9612C513B8800CDA561 /* UnSplashAPIManager.swift */; };
		724FC9652C513D2E00CDA561 /* TrendsByTopicViewModel.swift in Sources */ = {isa = PBXBuildFile; fileRef = 724FC9642C513D2E00CDA561 /* TrendsByTopicViewModel.swift */; };
		724FC9692C51434C00CDA561 /* TopicPhotoModel.swift in Sources */ = {isa = PBXBuildFile; fileRef = 724FC9682C51434C00CDA561 /* TopicPhotoModel.swift */; };
		724FC96B2C5146A500CDA561 /* ButtonTitle.swift in Sources */ = {isa = PBXBuildFile; fileRef = 724FC96A2C5146A500CDA561 /* ButtonTitle.swift */; };
		724FC96D2C5146BB00CDA561 /* TextFieldPlaceholder.swift in Sources */ = {isa = PBXBuildFile; fileRef = 724FC96C2C5146BA00CDA561 /* TextFieldPlaceholder.swift */; };
		724FC96F2C5146CE00CDA561 /* NicknameError.swift in Sources */ = {isa = PBXBuildFile; fileRef = 724FC96E2C5146CE00CDA561 /* NicknameError.swift */; };
		724FC9712C51480D00CDA561 /* TopicIDQuery.swift in Sources */ = {isa = PBXBuildFile; fileRef = 724FC9702C51480D00CDA561 /* TopicIDQuery.swift */; };
		724FC9742C5166EE00CDA561 /* Kingfisher in Frameworks */ = {isa = PBXBuildFile; productRef = 724FC9732C5166EE00CDA561 /* Kingfisher */; };
		724FC9772C5170E700CDA561 /* ScreenSize.swift in Sources */ = {isa = PBXBuildFile; fileRef = 724FC9762C5170E700CDA561 /* ScreenSize.swift */; };
		724FC9912C520C7900CDA561 /* PhotoSearchModel.swift in Sources */ = {isa = PBXBuildFile; fileRef = 724FC9902C520C7900CDA561 /* PhotoSearchModel.swift */; };
		724FC9932C520E5D00CDA561 /* PhotoStatisticsModel.swift in Sources */ = {isa = PBXBuildFile; fileRef = 724FC9922C520E5D00CDA561 /* PhotoStatisticsModel.swift */; };
		724FC9952C52119900CDA561 /* RandomPhotoModel.swift in Sources */ = {isa = PBXBuildFile; fileRef = 724FC9942C52119900CDA561 /* RandomPhotoModel.swift */; };
		724FC99C2C528B7D00CDA561 /* PhotoSearchView.swift in Sources */ = {isa = PBXBuildFile; fileRef = 724FC99B2C528B7D00CDA561 /* PhotoSearchView.swift */; };
		724FC99E2C528B8C00CDA561 /* PhotoSearchViewController.swift in Sources */ = {isa = PBXBuildFile; fileRef = 724FC99D2C528B8C00CDA561 /* PhotoSearchViewController.swift */; };
		724FC9A22C529D7F00CDA561 /* NaviProtocol.swift in Sources */ = {isa = PBXBuildFile; fileRef = 724FC9A12C529D7F00CDA561 /* NaviProtocol.swift */; };
		724FC9A42C52A1AB00CDA561 /* NavigationTitle.swift in Sources */ = {isa = PBXBuildFile; fileRef = 724FC9A32C52A1AB00CDA561 /* NavigationTitle.swift */; };
		724FC9A62C52A7DE00CDA561 /* TargetType.swift in Sources */ = {isa = PBXBuildFile; fileRef = 724FC9A52C52A7DE00CDA561 /* TargetType.swift */; };
		724FC9A82C52BBA900CDA561 /* UnSplashHeader.swift in Sources */ = {isa = PBXBuildFile; fileRef = 724FC9A72C52BBA900CDA561 /* UnSplashHeader.swift */; };
		724FC9AA2C52BF9300CDA561 /* UnSplashBody.swift in Sources */ = {isa = PBXBuildFile; fileRef = 724FC9A92C52BF9300CDA561 /* UnSplashBody.swift */; };
		724FC9AD2C52C0C900CDA561 /* PhotoSearchViewModel.swift in Sources */ = {isa = PBXBuildFile; fileRef = 724FC9AC2C52C0C900CDA561 /* PhotoSearchViewModel.swift */; };
		724FC9AF2C52C42C00CDA561 /* ValidationError.swift in Sources */ = {isa = PBXBuildFile; fileRef = 724FC9AE2C52C42C00CDA561 /* ValidationError.swift */; };
		724FC9B22C52C44600CDA561 /* Toast in Frameworks */ = {isa = PBXBuildFile; productRef = 724FC9B12C52C44600CDA561 /* Toast */; };
		724FC9B52C536A7B00CDA561 /* UserDefaultsManager.swift in Sources */ = {isa = PBXBuildFile; fileRef = 724FC9B42C536A7B00CDA561 /* UserDefaultsManager.swift */; };
		724FC9BA2C5382B100CDA561 /* PhotoDetailViewController.swift in Sources */ = {isa = PBXBuildFile; fileRef = 724FC9B92C5382B100CDA561 /* PhotoDetailViewController.swift */; };
		724FC9BC2C5382CB00CDA561 /* PhotoDetailView.swift in Sources */ = {isa = PBXBuildFile; fileRef = 724FC9BB2C5382CB00CDA561 /* PhotoDetailView.swift */; };
		724FC9BE2C53C50F00CDA561 /* PhotoSearchCollectionViewCell.swift in Sources */ = {isa = PBXBuildFile; fileRef = 724FC9BD2C53C50F00CDA561 /* PhotoSearchCollectionViewCell.swift */; };
		724FC9C22C53F4CB00CDA561 /* MyPolaroidViewController.swift in Sources */ = {isa = PBXBuildFile; fileRef = 724FC9C12C53F4CB00CDA561 /* MyPolaroidViewController.swift */; };
		724FC9C42C53F4E000CDA561 /* MyPolaroidView.swift in Sources */ = {isa = PBXBuildFile; fileRef = 724FC9C32C53F4E000CDA561 /* MyPolaroidView.swift */; };
		724FC9C62C53FEB000CDA561 /* MyPolaroidCollectionViewCell.swift in Sources */ = {isa = PBXBuildFile; fileRef = 724FC9C52C53FEB000CDA561 /* MyPolaroidCollectionViewCell.swift */; };
		724FC9C92C54000C00CDA561 /* RealmSwift in Frameworks */ = {isa = PBXBuildFile; productRef = 724FC9C82C54000C00CDA561 /* RealmSwift */; };
		724FC9CA2C54002000CDA561 /* RealmSwift in Embed Frameworks */ = {isa = PBXBuildFile; productRef = 724FC9C82C54000C00CDA561 /* RealmSwift */; settings = {ATTRIBUTES = (CodeSignOnCopy, ); }; };
		724FC9CF2C54011800CDA561 /* LikeListTable.swift in Sources */ = {isa = PBXBuildFile; fileRef = 724FC9CE2C54011800CDA561 /* LikeListTable.swift */; };
		724FC9D12C54038600CDA561 /* LikeListRepository.swift in Sources */ = {isa = PBXBuildFile; fileRef = 724FC9D02C54038600CDA561 /* LikeListRepository.swift */; };
		724FC9D42C541A7500CDA561 /* LikeButton.swift in Sources */ = {isa = PBXBuildFile; fileRef = 724FC9D32C541A7500CDA561 /* LikeButton.swift */; };
		724FC9D62C54C5A900CDA561 /* ImageManager.swift in Sources */ = {isa = PBXBuildFile; fileRef = 724FC9D52C54C5A900CDA561 /* ImageManager.swift */; };
		724FC9D92C54EDA800CDA561 /* MyPolaroidViewModel.swift in Sources */ = {isa = PBXBuildFile; fileRef = 724FC9D82C54EDA800CDA561 /* MyPolaroidViewModel.swift */; };
		724FC9DB2C55193B00CDA561 /* PhotoDetailViewModel.swift in Sources */ = {isa = PBXBuildFile; fileRef = 724FC9DA2C55193B00CDA561 /* PhotoDetailViewModel.swift */; };
		724FC9DD2C551AD100CDA561 /* PhotoDetailModel.swift in Sources */ = {isa = PBXBuildFile; fileRef = 724FC9DC2C551AD100CDA561 /* PhotoDetailModel.swift */; };
		724FC9DF2C554B4900CDA561 /* LikeImageName.swift in Sources */ = {isa = PBXBuildFile; fileRef = 724FC9DE2C554B4900CDA561 /* LikeImageName.swift */; };
		724FC9E12C55661D00CDA561 /* FormatterManager.swift in Sources */ = {isa = PBXBuildFile; fileRef = 724FC9E02C55661D00CDA561 /* FormatterManager.swift */; };
		724FC9E52C56ADA700CDA561 /* TostMessage.swift in Sources */ = {isa = PBXBuildFile; fileRef = 724FC9E42C56ADA700CDA561 /* TostMessage.swift */; };
		724FC9E82C56BC9900CDA561 /* IQKeyboardManagerSwift in Frameworks */ = {isa = PBXBuildFile; productRef = 724FC9E72C56BC9900CDA561 /* IQKeyboardManagerSwift */; };
		724FC9F12C57BC1000CDA561 /* SkeletonView in Frameworks */ = {isa = PBXBuildFile; productRef = 724FC9F02C57BC1000CDA561 /* SkeletonView */; };
		724FC9F62C57BDD400CDA561 /* RandomPhotoViewController.swift in Sources */ = {isa = PBXBuildFile; fileRef = 724FC9F52C57BDD400CDA561 /* RandomPhotoViewController.swift */; };
		724FC9F82C57BDEF00CDA561 /* RandomPhotoView.swift in Sources */ = {isa = PBXBuildFile; fileRef = 724FC9F72C57BDEF00CDA561 /* RandomPhotoView.swift */; };
/* End PBXBuildFile section */

/* Begin PBXCopyFilesBuildPhase section */
		724FC9CB2C54002000CDA561 /* Embed Frameworks */ = {
			isa = PBXCopyFilesBuildPhase;
			buildActionMask = 2147483647;
			dstPath = "";
			dstSubfolderSpec = 10;
			files = (
				724FC9CA2C54002000CDA561 /* RealmSwift in Embed Frameworks */,
			);
			name = "Embed Frameworks";
			runOnlyForDeploymentPostprocessing = 0;
		};
/* End PBXCopyFilesBuildPhase section */

/* Begin PBXFileReference section */
		724FC89F2C4E36A000CDA561 /* MyPolaroid.app */ = {isa = PBXFileReference; explicitFileType = wrapper.application; includeInIndex = 0; path = MyPolaroid.app; sourceTree = BUILT_PRODUCTS_DIR; };
		724FC8A22C4E36A000CDA561 /* AppDelegate.swift */ = {isa = PBXFileReference; lastKnownFileType = sourcecode.swift; path = AppDelegate.swift; sourceTree = "<group>"; };
		724FC8A42C4E36A000CDA561 /* SceneDelegate.swift */ = {isa = PBXFileReference; lastKnownFileType = sourcecode.swift; path = SceneDelegate.swift; sourceTree = "<group>"; };
		724FC8AB2C4E36A200CDA561 /* Assets.xcassets */ = {isa = PBXFileReference; lastKnownFileType = folder.assetcatalog; path = Assets.xcassets; sourceTree = "<group>"; };
		724FC8AE2C4E36A200CDA561 /* Base */ = {isa = PBXFileReference; lastKnownFileType = file.storyboard; name = Base; path = Base.lproj/LaunchScreen.storyboard; sourceTree = "<group>"; };
		724FC8B02C4E36A200CDA561 /* Info.plist */ = {isa = PBXFileReference; lastKnownFileType = text.plist.xml; path = Info.plist; sourceTree = "<group>"; };
		724FC8BA2C4E40F400CDA561 /* ResourceFont.swift */ = {isa = PBXFileReference; lastKnownFileType = sourcecode.swift; path = ResourceFont.swift; sourceTree = "<group>"; };
		724FC8BC2C4E414E00CDA561 /* .gitignore */ = {isa = PBXFileReference; lastKnownFileType = text; path = .gitignore; sourceTree = "<group>"; };
		724FC8C02C4E47AB00CDA561 /* BaseView.swift */ = {isa = PBXFileReference; lastKnownFileType = sourcecode.swift; path = BaseView.swift; sourceTree = "<group>"; };
		724FC8C22C4E47D000CDA561 /* BaseViewController.swift */ = {isa = PBXFileReference; lastKnownFileType = sourcecode.swift; path = BaseViewController.swift; sourceTree = "<group>"; };
		724FC8C42C4E47FB00CDA561 /* BaseCollectionViewCell.swift */ = {isa = PBXFileReference; lastKnownFileType = sourcecode.swift; path = BaseCollectionViewCell.swift; sourceTree = "<group>"; };
		724FC8C62C4E481C00CDA561 /* BaseTableViewCell.swift */ = {isa = PBXFileReference; lastKnownFileType = sourcecode.swift; path = BaseTableViewCell.swift; sourceTree = "<group>"; };
		724FC8C82C4E4A1800CDA561 /* OnBoardingViewController.swift */ = {isa = PBXFileReference; lastKnownFileType = sourcecode.swift; path = OnBoardingViewController.swift; sourceTree = "<group>"; };
		724FC8CB2C4E4A7400CDA561 /* OnBoardingView.swift */ = {isa = PBXFileReference; lastKnownFileType = sourcecode.swift; path = OnBoardingView.swift; sourceTree = "<group>"; };
		724FC8D12C4E51D400CDA561 /* MainPosterImageView.swift */ = {isa = PBXFileReference; lastKnownFileType = sourcecode.swift; path = MainPosterImageView.swift; sourceTree = "<group>"; };
		724FC8D62C4E561600CDA561 /* PointButton.swift */ = {isa = PBXFileReference; lastKnownFileType = sourcecode.swift; path = PointButton.swift; sourceTree = "<group>"; };
		724FC8DB2C4E89AD00CDA561 /* ProfileSettingViewController.swift */ = {isa = PBXFileReference; lastKnownFileType = sourcecode.swift; path = ProfileSettingViewController.swift; sourceTree = "<group>"; };
		724FC8DD2C4E89D700CDA561 /* ProfileSettingView.swift */ = {isa = PBXFileReference; lastKnownFileType = sourcecode.swift; path = ProfileSettingView.swift; sourceTree = "<group>"; };
		724FC8DF2C4E8D7C00CDA561 /* CameraImage.swift */ = {isa = PBXFileReference; lastKnownFileType = sourcecode.swift; path = CameraImage.swift; sourceTree = "<group>"; };
		724FC8E12C4E8E7D00CDA561 /* ProfileImageView.swift */ = {isa = PBXFileReference; lastKnownFileType = sourcecode.swift; path = ProfileImageView.swift; sourceTree = "<group>"; };
		724FC8E32C4E91EE00CDA561 /* NicknameTextField.swift */ = {isa = PBXFileReference; lastKnownFileType = sourcecode.swift; path = NicknameTextField.swift; sourceTree = "<group>"; };
		724FC8E62C4E9BA600CDA561 /* UIButton+Extension.swift */ = {isa = PBXFileReference; lastKnownFileType = sourcecode.swift; path = "UIButton+Extension.swift"; sourceTree = "<group>"; };
		724FC8E92C4EBF4300CDA561 /* Observable.swift */ = {isa = PBXFileReference; lastKnownFileType = sourcecode.swift; path = Observable.swift; sourceTree = "<group>"; };
		724FC8EC2C4EBFA700CDA561 /* ProfileSettingViewModel.swift */ = {isa = PBXFileReference; lastKnownFileType = sourcecode.swift; path = ProfileSettingViewModel.swift; sourceTree = "<group>"; };
		724FC8F02C4F36C800CDA561 /* TrendsByTopicMainViewController.swift */ = {isa = PBXFileReference; lastKnownFileType = sourcecode.swift; path = TrendsByTopicMainViewController.swift; sourceTree = "<group>"; };
		724FC8F22C4F36E600CDA561 /* TrendsByTopicMainView.swift */ = {isa = PBXFileReference; lastKnownFileType = sourcecode.swift; path = TrendsByTopicMainView.swift; sourceTree = "<group>"; };
		724FC8FC2C4F6E1800CDA561 /* TabBarController.swift */ = {isa = PBXFileReference; lastKnownFileType = sourcecode.swift; path = TabBarController.swift; sourceTree = "<group>"; };
		724FC9262C4F8B8000CDA561 /* EditProfileViewController.swift */ = {isa = PBXFileReference; lastKnownFileType = sourcecode.swift; path = EditProfileViewController.swift; sourceTree = "<group>"; };
		724FC9282C4F8B8D00CDA561 /* EditProfileView.swift */ = {isa = PBXFileReference; lastKnownFileType = sourcecode.swift; path = EditProfileView.swift; sourceTree = "<group>"; };
		724FC92A2C4F8EBE00CDA561 /* EditProfileCollectionViewCell.swift */ = {isa = PBXFileReference; lastKnownFileType = sourcecode.swift; path = EditProfileCollectionViewCell.swift; sourceTree = "<group>"; };
		724FC92D2C4F8F3300CDA561 /* ReuseIdentifierProtocol.swift */ = {isa = PBXFileReference; lastKnownFileType = sourcecode.swift; path = ReuseIdentifierProtocol.swift; sourceTree = "<group>"; };
		724FC92F2C501E1300CDA561 /* UIImage+Extension.swift */ = {isa = PBXFileReference; lastKnownFileType = sourcecode.swift; path = "UIImage+Extension.swift"; sourceTree = "<group>"; };
		724FC9532C50E3D000CDA561 /* ProfileSetProtocol.swift */ = {isa = PBXFileReference; lastKnownFileType = sourcecode.swift; path = ProfileSetProtocol.swift; sourceTree = "<group>"; };
		724FC9552C51294700CDA561 /* TrendsByTopicTableViewCell.swift */ = {isa = PBXFileReference; lastKnownFileType = sourcecode.swift; path = TrendsByTopicTableViewCell.swift; sourceTree = "<group>"; };
		724FC9572C512B2600CDA561 /* TrendsByTopicCollectionViewCell.swift */ = {isa = PBXFileReference; lastKnownFileType = sourcecode.swift; path = TrendsByTopicCollectionViewCell.swift; sourceTree = "<group>"; };
		724FC95D2C51378B00CDA561 /* UnSplashRouter.swift */ = {isa = PBXFileReference; lastKnownFileType = sourcecode.swift; path = UnSplashRouter.swift; sourceTree = "<group>"; };
		724FC95F2C51383100CDA561 /* APIKey.swift */ = {isa = PBXFileReference; lastKnownFileType = sourcecode.swift; path = APIKey.swift; sourceTree = "<group>"; };
		724FC9612C513B8800CDA561 /* UnSplashAPIManager.swift */ = {isa = PBXFileReference; lastKnownFileType = sourcecode.swift; path = UnSplashAPIManager.swift; sourceTree = "<group>"; };
		724FC9642C513D2E00CDA561 /* TrendsByTopicViewModel.swift */ = {isa = PBXFileReference; lastKnownFileType = sourcecode.swift; path = TrendsByTopicViewModel.swift; sourceTree = "<group>"; };
		724FC9682C51434C00CDA561 /* TopicPhotoModel.swift */ = {isa = PBXFileReference; lastKnownFileType = sourcecode.swift; path = TopicPhotoModel.swift; sourceTree = "<group>"; };
		724FC96A2C5146A500CDA561 /* ButtonTitle.swift */ = {isa = PBXFileReference; lastKnownFileType = sourcecode.swift; path = ButtonTitle.swift; sourceTree = "<group>"; };
		724FC96C2C5146BA00CDA561 /* TextFieldPlaceholder.swift */ = {isa = PBXFileReference; lastKnownFileType = sourcecode.swift; path = TextFieldPlaceholder.swift; sourceTree = "<group>"; };
		724FC96E2C5146CE00CDA561 /* NicknameError.swift */ = {isa = PBXFileReference; lastKnownFileType = sourcecode.swift; path = NicknameError.swift; sourceTree = "<group>"; };
		724FC9702C51480D00CDA561 /* TopicIDQuery.swift */ = {isa = PBXFileReference; lastKnownFileType = sourcecode.swift; path = TopicIDQuery.swift; sourceTree = "<group>"; };
		724FC9762C5170E700CDA561 /* ScreenSize.swift */ = {isa = PBXFileReference; lastKnownFileType = sourcecode.swift; path = ScreenSize.swift; sourceTree = "<group>"; };
		724FC9902C520C7900CDA561 /* PhotoSearchModel.swift */ = {isa = PBXFileReference; lastKnownFileType = sourcecode.swift; path = PhotoSearchModel.swift; sourceTree = "<group>"; };
		724FC9922C520E5D00CDA561 /* PhotoStatisticsModel.swift */ = {isa = PBXFileReference; lastKnownFileType = sourcecode.swift; path = PhotoStatisticsModel.swift; sourceTree = "<group>"; };
		724FC9942C52119900CDA561 /* RandomPhotoModel.swift */ = {isa = PBXFileReference; lastKnownFileType = sourcecode.swift; path = RandomPhotoModel.swift; sourceTree = "<group>"; };
		724FC99B2C528B7D00CDA561 /* PhotoSearchView.swift */ = {isa = PBXFileReference; lastKnownFileType = sourcecode.swift; path = PhotoSearchView.swift; sourceTree = "<group>"; };
		724FC99D2C528B8C00CDA561 /* PhotoSearchViewController.swift */ = {isa = PBXFileReference; lastKnownFileType = sourcecode.swift; path = PhotoSearchViewController.swift; sourceTree = "<group>"; };
		724FC9A12C529D7F00CDA561 /* NaviProtocol.swift */ = {isa = PBXFileReference; lastKnownFileType = sourcecode.swift; path = NaviProtocol.swift; sourceTree = "<group>"; };
		724FC9A32C52A1AB00CDA561 /* NavigationTitle.swift */ = {isa = PBXFileReference; lastKnownFileType = sourcecode.swift; path = NavigationTitle.swift; sourceTree = "<group>"; };
		724FC9A52C52A7DE00CDA561 /* TargetType.swift */ = {isa = PBXFileReference; lastKnownFileType = sourcecode.swift; path = TargetType.swift; sourceTree = "<group>"; };
		724FC9A72C52BBA900CDA561 /* UnSplashHeader.swift */ = {isa = PBXFileReference; lastKnownFileType = sourcecode.swift; path = UnSplashHeader.swift; sourceTree = "<group>"; };
		724FC9A92C52BF9300CDA561 /* UnSplashBody.swift */ = {isa = PBXFileReference; lastKnownFileType = sourcecode.swift; path = UnSplashBody.swift; sourceTree = "<group>"; };
		724FC9AC2C52C0C900CDA561 /* PhotoSearchViewModel.swift */ = {isa = PBXFileReference; lastKnownFileType = sourcecode.swift; path = PhotoSearchViewModel.swift; sourceTree = "<group>"; };
		724FC9AE2C52C42C00CDA561 /* ValidationError.swift */ = {isa = PBXFileReference; lastKnownFileType = sourcecode.swift; path = ValidationError.swift; sourceTree = "<group>"; };
		724FC9B42C536A7B00CDA561 /* UserDefaultsManager.swift */ = {isa = PBXFileReference; lastKnownFileType = sourcecode.swift; path = UserDefaultsManager.swift; sourceTree = "<group>"; };
		724FC9B92C5382B100CDA561 /* PhotoDetailViewController.swift */ = {isa = PBXFileReference; lastKnownFileType = sourcecode.swift; path = PhotoDetailViewController.swift; sourceTree = "<group>"; };
		724FC9BB2C5382CB00CDA561 /* PhotoDetailView.swift */ = {isa = PBXFileReference; lastKnownFileType = sourcecode.swift; path = PhotoDetailView.swift; sourceTree = "<group>"; };
		724FC9BD2C53C50F00CDA561 /* PhotoSearchCollectionViewCell.swift */ = {isa = PBXFileReference; lastKnownFileType = sourcecode.swift; path = PhotoSearchCollectionViewCell.swift; sourceTree = "<group>"; };
		724FC9C12C53F4CB00CDA561 /* MyPolaroidViewController.swift */ = {isa = PBXFileReference; lastKnownFileType = sourcecode.swift; path = MyPolaroidViewController.swift; sourceTree = "<group>"; };
		724FC9C32C53F4E000CDA561 /* MyPolaroidView.swift */ = {isa = PBXFileReference; lastKnownFileType = sourcecode.swift; path = MyPolaroidView.swift; sourceTree = "<group>"; };
		724FC9C52C53FEB000CDA561 /* MyPolaroidCollectionViewCell.swift */ = {isa = PBXFileReference; lastKnownFileType = sourcecode.swift; path = MyPolaroidCollectionViewCell.swift; sourceTree = "<group>"; };
		724FC9CE2C54011800CDA561 /* LikeListTable.swift */ = {isa = PBXFileReference; lastKnownFileType = sourcecode.swift; path = LikeListTable.swift; sourceTree = "<group>"; };
		724FC9D02C54038600CDA561 /* LikeListRepository.swift */ = {isa = PBXFileReference; lastKnownFileType = sourcecode.swift; path = LikeListRepository.swift; sourceTree = "<group>"; };
		724FC9D32C541A7500CDA561 /* LikeButton.swift */ = {isa = PBXFileReference; lastKnownFileType = sourcecode.swift; path = LikeButton.swift; sourceTree = "<group>"; };
		724FC9D52C54C5A900CDA561 /* ImageManager.swift */ = {isa = PBXFileReference; lastKnownFileType = sourcecode.swift; path = ImageManager.swift; sourceTree = "<group>"; };
		724FC9D82C54EDA800CDA561 /* MyPolaroidViewModel.swift */ = {isa = PBXFileReference; lastKnownFileType = sourcecode.swift; path = MyPolaroidViewModel.swift; sourceTree = "<group>"; };
		724FC9DA2C55193B00CDA561 /* PhotoDetailViewModel.swift */ = {isa = PBXFileReference; lastKnownFileType = sourcecode.swift; path = PhotoDetailViewModel.swift; sourceTree = "<group>"; };
		724FC9DC2C551AD100CDA561 /* PhotoDetailModel.swift */ = {isa = PBXFileReference; lastKnownFileType = sourcecode.swift; path = PhotoDetailModel.swift; sourceTree = "<group>"; };
		724FC9DE2C554B4900CDA561 /* LikeImageName.swift */ = {isa = PBXFileReference; lastKnownFileType = sourcecode.swift; path = LikeImageName.swift; sourceTree = "<group>"; };
		724FC9E02C55661D00CDA561 /* FormatterManager.swift */ = {isa = PBXFileReference; lastKnownFileType = sourcecode.swift; path = FormatterManager.swift; sourceTree = "<group>"; };
		724FC9E42C56ADA700CDA561 /* TostMessage.swift */ = {isa = PBXFileReference; lastKnownFileType = sourcecode.swift; path = TostMessage.swift; sourceTree = "<group>"; };
		724FC9F52C57BDD400CDA561 /* RandomPhotoViewController.swift */ = {isa = PBXFileReference; lastKnownFileType = sourcecode.swift; path = RandomPhotoViewController.swift; sourceTree = "<group>"; };
		724FC9F72C57BDEF00CDA561 /* RandomPhotoView.swift */ = {isa = PBXFileReference; lastKnownFileType = sourcecode.swift; path = RandomPhotoView.swift; sourceTree = "<group>"; };
/* End PBXFileReference section */

/* Begin PBXFrameworksBuildPhase section */
		724FC89C2C4E36A000CDA561 /* Frameworks */ = {
			isa = PBXFrameworksBuildPhase;
			buildActionMask = 2147483647;
			files = (
				724FC9B22C52C44600CDA561 /* Toast in Frameworks */,
				724FC9F12C57BC1000CDA561 /* SkeletonView in Frameworks */,
				724FC9742C5166EE00CDA561 /* Kingfisher in Frameworks */,
				724FC8CF2C4E4B2700CDA561 /* SnapKit in Frameworks */,
				724FC9C92C54000C00CDA561 /* RealmSwift in Frameworks */,
				724FC95C2C51375D00CDA561 /* Alamofire in Frameworks */,
				724FC9E82C56BC9900CDA561 /* IQKeyboardManagerSwift in Frameworks */,
			);
			runOnlyForDeploymentPostprocessing = 0;
		};
/* End PBXFrameworksBuildPhase section */

/* Begin PBXGroup section */
		724FC8962C4E36A000CDA561 = {
			isa = PBXGroup;
			children = (
				724FC8BC2C4E414E00CDA561 /* .gitignore */,
				724FC8A12C4E36A000CDA561 /* MyPolaroid */,
				724FC8A02C4E36A000CDA561 /* Products */,
			);
			sourceTree = "<group>";
		};
		724FC8A02C4E36A000CDA561 /* Products */ = {
			isa = PBXGroup;
			children = (
				724FC89F2C4E36A000CDA561 /* MyPolaroid.app */,
			);
			name = Products;
			sourceTree = "<group>";
		};
		724FC8A12C4E36A000CDA561 /* MyPolaroid */ = {
			isa = PBXGroup;
			children = (
				724FC9CC2C5400B700CDA561 /* Data */,
				724FC8B62C4E386600CDA561 /* Resources */,
				724FC8B82C4E38C800CDA561 /* Sources */,
				724FC8B02C4E36A200CDA561 /* Info.plist */,
				724FC95F2C51383100CDA561 /* APIKey.swift */,
			);
			path = MyPolaroid;
			sourceTree = "<group>";
		};
		724FC8B62C4E386600CDA561 /* Resources */ = {
			isa = PBXGroup;
			children = (
				724FC8A22C4E36A000CDA561 /* AppDelegate.swift */,
				724FC8A42C4E36A000CDA561 /* SceneDelegate.swift */,
				724FC8AB2C4E36A200CDA561 /* Assets.xcassets */,
				724FC8B72C4E389700CDA561 /* StoryBoard */,
				724FC8D32C4E553D00CDA561 /* Constants */,
				724FC8B92C4E40BB00CDA561 /* Fonts */,
				724FC8E82C4EBF3300CDA561 /* Observable */,
				724FC8E52C4E9B7900CDA561 /* Extensions */,
			);
			path = Resources;
			sourceTree = "<group>";
		};
		724FC8B72C4E389700CDA561 /* StoryBoard */ = {
			isa = PBXGroup;
			children = (
				724FC8AD2C4E36A200CDA561 /* LaunchScreen.storyboard */,
			);
			path = StoryBoard;
			sourceTree = "<group>";
		};
		724FC8B82C4E38C800CDA561 /* Sources */ = {
			isa = PBXGroup;
			children = (
				724FC9B32C536A6C00CDA561 /* Utilities */,
				724FC9662C5142D800CDA561 /* Models */,
				724FC9592C5136E200CDA561 /* NetWork */,
				724FC92C2C4F8F1D00CDA561 /* Protocols */,
				724FC8FB2C4F6E0600CDA561 /* TabBar */,
				724FC8D02C4E519D00CDA561 /* CustomView */,
				724FC8BF2C4E478600CDA561 /* Base */,
				724FC9672C5142DF00CDA561 /* Scenes */,
			);
			path = Sources;
			sourceTree = "<group>";
		};
		724FC8B92C4E40BB00CDA561 /* Fonts */ = {
			isa = PBXGroup;
			children = (
				724FC8BA2C4E40F400CDA561 /* ResourceFont.swift */,
			);
			path = Fonts;
			sourceTree = "<group>";
		};
		724FC8BE2C4E468C00CDA561 /* OnBoardingScene */ = {
			isa = PBXGroup;
			children = (
				724FC8CA2C4E4A5B00CDA561 /* View */,
			);
			path = OnBoardingScene;
			sourceTree = "<group>";
		};
		724FC8BF2C4E478600CDA561 /* Base */ = {
			isa = PBXGroup;
			children = (
				724FC8C02C4E47AB00CDA561 /* BaseView.swift */,
				724FC8C22C4E47D000CDA561 /* BaseViewController.swift */,
				724FC8C42C4E47FB00CDA561 /* BaseCollectionViewCell.swift */,
				724FC8C62C4E481C00CDA561 /* BaseTableViewCell.swift */,
				724FC9A12C529D7F00CDA561 /* NaviProtocol.swift */,
			);
			path = Base;
			sourceTree = "<group>";
		};
		724FC8CA2C4E4A5B00CDA561 /* View */ = {
			isa = PBXGroup;
			children = (
				724FC8C82C4E4A1800CDA561 /* OnBoardingViewController.swift */,
				724FC8CB2C4E4A7400CDA561 /* OnBoardingView.swift */,
			);
			path = View;
			sourceTree = "<group>";
		};
		724FC8D02C4E519D00CDA561 /* CustomView */ = {
			isa = PBXGroup;
			children = (
				724FC8D12C4E51D400CDA561 /* MainPosterImageView.swift */,
				724FC8D62C4E561600CDA561 /* PointButton.swift */,
				724FC8DF2C4E8D7C00CDA561 /* CameraImage.swift */,
				724FC8E12C4E8E7D00CDA561 /* ProfileImageView.swift */,
				724FC8E32C4E91EE00CDA561 /* NicknameTextField.swift */,
				724FC9D32C541A7500CDA561 /* LikeButton.swift */,
			);
			path = CustomView;
			sourceTree = "<group>";
		};
		724FC8D32C4E553D00CDA561 /* Constants */ = {
			isa = PBXGroup;
			children = (
				724FC9752C5170C200CDA561 /* Enums */,
				724FC9762C5170E700CDA561 /* ScreenSize.swift */,
				724FC9D52C54C5A900CDA561 /* ImageManager.swift */,
			);
			path = Constants;
			sourceTree = "<group>";
		};
		724FC8D92C4E896E00CDA561 /* ProfileSettingScene */ = {
			isa = PBXGroup;
			children = (
				724FC8DA2C4E899D00CDA561 /* View */,
				724FC8EB2C4EBF5E00CDA561 /* ViewModel */,
			);
			path = ProfileSettingScene;
			sourceTree = "<group>";
		};
		724FC8DA2C4E899D00CDA561 /* View */ = {
			isa = PBXGroup;
			children = (
				724FC8DB2C4E89AD00CDA561 /* ProfileSettingViewController.swift */,
				724FC8DD2C4E89D700CDA561 /* ProfileSettingView.swift */,
			);
			path = View;
			sourceTree = "<group>";
		};
		724FC8E52C4E9B7900CDA561 /* Extensions */ = {
			isa = PBXGroup;
			children = (
				724FC8E62C4E9BA600CDA561 /* UIButton+Extension.swift */,
				724FC92F2C501E1300CDA561 /* UIImage+Extension.swift */,
			);
			path = Extensions;
			sourceTree = "<group>";
		};
		724FC8E82C4EBF3300CDA561 /* Observable */ = {
			isa = PBXGroup;
			children = (
				724FC8E92C4EBF4300CDA561 /* Observable.swift */,
			);
			path = Observable;
			sourceTree = "<group>";
		};
		724FC8EB2C4EBF5E00CDA561 /* ViewModel */ = {
			isa = PBXGroup;
			children = (
				724FC8EC2C4EBFA700CDA561 /* ProfileSettingViewModel.swift */,
			);
			path = ViewModel;
			sourceTree = "<group>";
		};
		724FC8EE2C4F363900CDA561 /* TrendsByTopicMainScene */ = {
			isa = PBXGroup;
			children = (
				724FC8EF2C4F36A400CDA561 /* View */,
				724FC9632C513D0D00CDA561 /* ViewModel */,
			);
			path = TrendsByTopicMainScene;
			sourceTree = "<group>";
		};
		724FC8EF2C4F36A400CDA561 /* View */ = {
			isa = PBXGroup;
			children = (
				724FC8F02C4F36C800CDA561 /* TrendsByTopicMainViewController.swift */,
				724FC8F22C4F36E600CDA561 /* TrendsByTopicMainView.swift */,
				724FC9552C51294700CDA561 /* TrendsByTopicTableViewCell.swift */,
				724FC9572C512B2600CDA561 /* TrendsByTopicCollectionViewCell.swift */,
			);
			path = View;
			sourceTree = "<group>";
		};
		724FC8FB2C4F6E0600CDA561 /* TabBar */ = {
			isa = PBXGroup;
			children = (
				724FC8FC2C4F6E1800CDA561 /* TabBarController.swift */,
			);
			path = TabBar;
			sourceTree = "<group>";
		};
		724FC9242C4F8ADA00CDA561 /* EditProfileScene */ = {
			isa = PBXGroup;
			children = (
				724FC9252C4F8B6900CDA561 /* View */,
			);
			path = EditProfileScene;
			sourceTree = "<group>";
		};
		724FC9252C4F8B6900CDA561 /* View */ = {
			isa = PBXGroup;
			children = (
				724FC9262C4F8B8000CDA561 /* EditProfileViewController.swift */,
				724FC9282C4F8B8D00CDA561 /* EditProfileView.swift */,
				724FC92A2C4F8EBE00CDA561 /* EditProfileCollectionViewCell.swift */,
			);
			path = View;
			sourceTree = "<group>";
		};
		724FC92C2C4F8F1D00CDA561 /* Protocols */ = {
			isa = PBXGroup;
			children = (
				724FC92D2C4F8F3300CDA561 /* ReuseIdentifierProtocol.swift */,
				724FC9532C50E3D000CDA561 /* ProfileSetProtocol.swift */,
			);
			path = Protocols;
			sourceTree = "<group>";
		};
		724FC9592C5136E200CDA561 /* NetWork */ = {
			isa = PBXGroup;
			children = (
				724FC95D2C51378B00CDA561 /* UnSplashRouter.swift */,
				724FC9612C513B8800CDA561 /* UnSplashAPIManager.swift */,
				724FC9A52C52A7DE00CDA561 /* TargetType.swift */,
				724FC9A72C52BBA900CDA561 /* UnSplashHeader.swift */,
				724FC9A92C52BF9300CDA561 /* UnSplashBody.swift */,
			);
			path = NetWork;
			sourceTree = "<group>";
		};
		724FC9632C513D0D00CDA561 /* ViewModel */ = {
			isa = PBXGroup;
			children = (
				724FC9642C513D2E00CDA561 /* TrendsByTopicViewModel.swift */,
			);
			path = ViewModel;
			sourceTree = "<group>";
		};
		724FC9662C5142D800CDA561 /* Models */ = {
			isa = PBXGroup;
			children = (
				724FC9682C51434C00CDA561 /* TopicPhotoModel.swift */,
				724FC9902C520C7900CDA561 /* PhotoSearchModel.swift */,
				724FC9DC2C551AD100CDA561 /* PhotoDetailModel.swift */,
				724FC9922C520E5D00CDA561 /* PhotoStatisticsModel.swift */,
				724FC9942C52119900CDA561 /* RandomPhotoModel.swift */,
			);
			path = Models;
			sourceTree = "<group>";
		};
		724FC9672C5142DF00CDA561 /* Scenes */ = {
			isa = PBXGroup;
			children = (
				724FC8BE2C4E468C00CDA561 /* OnBoardingScene */,
				724FC8D92C4E896E00CDA561 /* ProfileSettingScene */,
				724FC9242C4F8ADA00CDA561 /* EditProfileScene */,
				724FC8EE2C4F363900CDA561 /* TrendsByTopicMainScene */,
				724FC9F22C57BD8500CDA561 /* RandomPhotoScene */,
				724FC9992C528B4400CDA561 /* PhotoSearchScene */,
				724FC9BF2C53F4A200CDA561 /* MyPolaroidScene */,
				724FC9B62C53822600CDA561 /* PhotoDetailScene */,
			);
			path = Scenes;
			sourceTree = "<group>";
		};
		724FC9752C5170C200CDA561 /* Enums */ = {
			isa = PBXGroup;
			children = (
				724FC96A2C5146A500CDA561 /* ButtonTitle.swift */,
				724FC96C2C5146BA00CDA561 /* TextFieldPlaceholder.swift */,
				724FC96E2C5146CE00CDA561 /* NicknameError.swift */,
				724FC9702C51480D00CDA561 /* TopicIDQuery.swift */,
				724FC9A32C52A1AB00CDA561 /* NavigationTitle.swift */,
				724FC9AE2C52C42C00CDA561 /* ValidationError.swift */,
				724FC9DE2C554B4900CDA561 /* LikeImageName.swift */,
				724FC9E42C56ADA700CDA561 /* TostMessage.swift */,
			);
			path = Enums;
			sourceTree = "<group>";
		};
		724FC9992C528B4400CDA561 /* PhotoSearchScene */ = {
			isa = PBXGroup;
			children = (
				724FC99A2C528B5F00CDA561 /* View */,
				724FC9AB2C52C0B700CDA561 /* ViewModel */,
			);
			path = PhotoSearchScene;
			sourceTree = "<group>";
		};
		724FC99A2C528B5F00CDA561 /* View */ = {
			isa = PBXGroup;
			children = (
				724FC99D2C528B8C00CDA561 /* PhotoSearchViewController.swift */,
				724FC99B2C528B7D00CDA561 /* PhotoSearchView.swift */,
				724FC9BD2C53C50F00CDA561 /* PhotoSearchCollectionViewCell.swift */,
			);
			path = View;
			sourceTree = "<group>";
		};
		724FC9AB2C52C0B700CDA561 /* ViewModel */ = {
			isa = PBXGroup;
			children = (
				724FC9AC2C52C0C900CDA561 /* PhotoSearchViewModel.swift */,
			);
			path = ViewModel;
			sourceTree = "<group>";
		};
		724FC9B32C536A6C00CDA561 /* Utilities */ = {
			isa = PBXGroup;
			children = (
				724FC9B42C536A7B00CDA561 /* UserDefaultsManager.swift */,
				724FC9E02C55661D00CDA561 /* FormatterManager.swift */,
			);
			path = Utilities;
			sourceTree = "<group>";
		};
		724FC9B62C53822600CDA561 /* PhotoDetailScene */ = {
			isa = PBXGroup;
			children = (
				724FC9B72C53825500CDA561 /* View */,
				724FC9B82C53825900CDA561 /* ViewModel */,
			);
			path = PhotoDetailScene;
			sourceTree = "<group>";
		};
		724FC9B72C53825500CDA561 /* View */ = {
			isa = PBXGroup;
			children = (
				724FC9B92C5382B100CDA561 /* PhotoDetailViewController.swift */,
				724FC9BB2C5382CB00CDA561 /* PhotoDetailView.swift */,
			);
			path = View;
			sourceTree = "<group>";
		};
		724FC9B82C53825900CDA561 /* ViewModel */ = {
			isa = PBXGroup;
			children = (
				724FC9DA2C55193B00CDA561 /* PhotoDetailViewModel.swift */,
			);
			path = ViewModel;
			sourceTree = "<group>";
		};
		724FC9BF2C53F4A200CDA561 /* MyPolaroidScene */ = {
			isa = PBXGroup;
			children = (
				724FC9C02C53F4B900CDA561 /* View */,
				724FC9D72C54ED9400CDA561 /* ViewModel */,
			);
			path = MyPolaroidScene;
			sourceTree = "<group>";
		};
		724FC9C02C53F4B900CDA561 /* View */ = {
			isa = PBXGroup;
			children = (
				724FC9C12C53F4CB00CDA561 /* MyPolaroidViewController.swift */,
				724FC9C32C53F4E000CDA561 /* MyPolaroidView.swift */,
				724FC9C52C53FEB000CDA561 /* MyPolaroidCollectionViewCell.swift */,
			);
			path = View;
			sourceTree = "<group>";
		};
		724FC9CC2C5400B700CDA561 /* Data */ = {
			isa = PBXGroup;
			children = (
				724FC9CD2C5400C700CDA561 /* RealmModel */,
				724FC9D22C54038A00CDA561 /* Repository */,
			);
			path = Data;
			sourceTree = "<group>";
		};
		724FC9CD2C5400C700CDA561 /* RealmModel */ = {
			isa = PBXGroup;
			children = (
				724FC9CE2C54011800CDA561 /* LikeListTable.swift */,
			);
			path = RealmModel;
			sourceTree = "<group>";
		};
		724FC9D22C54038A00CDA561 /* Repository */ = {
			isa = PBXGroup;
			children = (
				724FC9D02C54038600CDA561 /* LikeListRepository.swift */,
			);
			path = Repository;
			sourceTree = "<group>";
		};
		724FC9D72C54ED9400CDA561 /* ViewModel */ = {
			isa = PBXGroup;
			children = (
				724FC9D82C54EDA800CDA561 /* MyPolaroidViewModel.swift */,
			);
			path = ViewModel;
			sourceTree = "<group>";
		};
		724FC9F22C57BD8500CDA561 /* RandomPhotoScene */ = {
			isa = PBXGroup;
			children = (
				724FC9F42C57BDB200CDA561 /* ViewModel */,
				724FC9F32C57BDAB00CDA561 /* View */,
			);
			path = RandomPhotoScene;
			sourceTree = "<group>";
		};
		724FC9F32C57BDAB00CDA561 /* View */ = {
			isa = PBXGroup;
			children = (
				724FC9F52C57BDD400CDA561 /* RandomPhotoViewController.swift */,
				724FC9F72C57BDEF00CDA561 /* RandomPhotoView.swift */,
			);
			path = View;
			sourceTree = "<group>";
		};
		724FC9F42C57BDB200CDA561 /* ViewModel */ = {
			isa = PBXGroup;
			children = (
			);
			path = ViewModel;
			sourceTree = "<group>";
		};
/* End PBXGroup section */

/* Begin PBXNativeTarget section */
		724FC89E2C4E36A000CDA561 /* MyPolaroid */ = {
			isa = PBXNativeTarget;
			buildConfigurationList = 724FC8B32C4E36A200CDA561 /* Build configuration list for PBXNativeTarget "MyPolaroid" */;
			buildPhases = (
				724FC89B2C4E36A000CDA561 /* Sources */,
				724FC89C2C4E36A000CDA561 /* Frameworks */,
				724FC89D2C4E36A000CDA561 /* Resources */,
				724FC9CB2C54002000CDA561 /* Embed Frameworks */,
			);
			buildRules = (
			);
			dependencies = (
			);
			name = MyPolaroid;
			packageProductDependencies = (
				724FC8CE2C4E4B2700CDA561 /* SnapKit */,
				724FC95B2C51375D00CDA561 /* Alamofire */,
				724FC9732C5166EE00CDA561 /* Kingfisher */,
				724FC9B12C52C44600CDA561 /* Toast */,
				724FC9C82C54000C00CDA561 /* RealmSwift */,
				724FC9E72C56BC9900CDA561 /* IQKeyboardManagerSwift */,
				724FC9F02C57BC1000CDA561 /* SkeletonView */,
			);
			productName = MyPolaroid;
			productReference = 724FC89F2C4E36A000CDA561 /* MyPolaroid.app */;
			productType = "com.apple.product-type.application";
		};
/* End PBXNativeTarget section */

/* Begin PBXProject section */
		724FC8972C4E36A000CDA561 /* Project object */ = {
			isa = PBXProject;
			attributes = {
				BuildIndependentTargetsInParallel = 1;
				LastSwiftUpdateCheck = 1530;
				LastUpgradeCheck = 1530;
				TargetAttributes = {
					724FC89E2C4E36A000CDA561 = {
						CreatedOnToolsVersion = 15.3;
					};
				};
			};
			buildConfigurationList = 724FC89A2C4E36A000CDA561 /* Build configuration list for PBXProject "MyPolaroid" */;
			compatibilityVersion = "Xcode 14.0";
			developmentRegion = en;
			hasScannedForEncodings = 0;
			knownRegions = (
				en,
				Base,
			);
			mainGroup = 724FC8962C4E36A000CDA561;
			packageReferences = (
				724FC8CD2C4E4B2700CDA561 /* XCRemoteSwiftPackageReference "SnapKit" */,
				724FC95A2C51375D00CDA561 /* XCRemoteSwiftPackageReference "Alamofire" */,
				724FC9722C5166EE00CDA561 /* XCRemoteSwiftPackageReference "Kingfisher" */,
				724FC9B02C52C44600CDA561 /* XCRemoteSwiftPackageReference "Toast-Swift" */,
				724FC9C72C54000C00CDA561 /* XCRemoteSwiftPackageReference "realm-swift" */,
				724FC9E62C56BC9900CDA561 /* XCRemoteSwiftPackageReference "IQKeyboardManager" */,
				724FC9EF2C57BC1000CDA561 /* XCRemoteSwiftPackageReference "SkeletonView" */,
			);
			productRefGroup = 724FC8A02C4E36A000CDA561 /* Products */;
			projectDirPath = "";
			projectRoot = "";
			targets = (
				724FC89E2C4E36A000CDA561 /* MyPolaroid */,
			);
		};
/* End PBXProject section */

/* Begin PBXResourcesBuildPhase section */
		724FC89D2C4E36A000CDA561 /* Resources */ = {
			isa = PBXResourcesBuildPhase;
			buildActionMask = 2147483647;
			files = (
				724FC8AC2C4E36A200CDA561 /* Assets.xcassets in Resources */,
				724FC8BD2C4E414E00CDA561 /* .gitignore in Resources */,
				724FC8AF2C4E36A200CDA561 /* Base in Resources */,
			);
			runOnlyForDeploymentPostprocessing = 0;
		};
/* End PBXResourcesBuildPhase section */

/* Begin PBXSourcesBuildPhase section */
		724FC89B2C4E36A000CDA561 /* Sources */ = {
			isa = PBXSourcesBuildPhase;
			buildActionMask = 2147483647;
			files = (
				724FC9D92C54EDA800CDA561 /* MyPolaroidViewModel.swift in Sources */,
				724FC9F82C57BDEF00CDA561 /* RandomPhotoView.swift in Sources */,
				724FC9622C513B8800CDA561 /* UnSplashAPIManager.swift in Sources */,
				724FC9652C513D2E00CDA561 /* TrendsByTopicViewModel.swift in Sources */,
				724FC96B2C5146A500CDA561 /* ButtonTitle.swift in Sources */,
				724FC9932C520E5D00CDA561 /* PhotoStatisticsModel.swift in Sources */,
				724FC8F12C4F36C800CDA561 /* TrendsByTopicMainViewController.swift in Sources */,
				724FC9F62C57BDD400CDA561 /* RandomPhotoViewController.swift in Sources */,
				724FC8EA2C4EBF4300CDA561 /* Observable.swift in Sources */,
				724FC8E22C4E8E7D00CDA561 /* ProfileImageView.swift in Sources */,
				724FC99C2C528B7D00CDA561 /* PhotoSearchView.swift in Sources */,
				724FC9BC2C5382CB00CDA561 /* PhotoDetailView.swift in Sources */,
				724FC8C32C4E47D000CDA561 /* BaseViewController.swift in Sources */,
				724FC9AA2C52BF9300CDA561 /* UnSplashBody.swift in Sources */,
				724FC8ED2C4EBFA700CDA561 /* ProfileSettingViewModel.swift in Sources */,
				724FC8E02C4E8D7C00CDA561 /* CameraImage.swift in Sources */,
				724FC8BB2C4E40F400CDA561 /* ResourceFont.swift in Sources */,
				724FC9912C520C7900CDA561 /* PhotoSearchModel.swift in Sources */,
				724FC95E2C51378B00CDA561 /* UnSplashRouter.swift in Sources */,
				724FC8F32C4F36E600CDA561 /* TrendsByTopicMainView.swift in Sources */,
				724FC9BE2C53C50F00CDA561 /* PhotoSearchCollectionViewCell.swift in Sources */,
				724FC9D62C54C5A900CDA561 /* ImageManager.swift in Sources */,
				724FC9272C4F8B8000CDA561 /* EditProfileViewController.swift in Sources */,
				724FC8D72C4E561600CDA561 /* PointButton.swift in Sources */,
				724FC9A82C52BBA900CDA561 /* UnSplashHeader.swift in Sources */,
				724FC9AD2C52C0C900CDA561 /* PhotoSearchViewModel.swift in Sources */,
				724FC9DB2C55193B00CDA561 /* PhotoDetailViewModel.swift in Sources */,
				724FC8E72C4E9BA600CDA561 /* UIButton+Extension.swift in Sources */,
				724FC9E52C56ADA700CDA561 /* TostMessage.swift in Sources */,
				724FC9542C50E3D000CDA561 /* ProfileSetProtocol.swift in Sources */,
				724FC8A32C4E36A000CDA561 /* AppDelegate.swift in Sources */,
				724FC9D12C54038600CDA561 /* LikeListRepository.swift in Sources */,
				724FC8CC2C4E4A7400CDA561 /* OnBoardingView.swift in Sources */,
				724FC9BA2C5382B100CDA561 /* PhotoDetailViewController.swift in Sources */,
				724FC9B52C536A7B00CDA561 /* UserDefaultsManager.swift in Sources */,
				724FC9712C51480D00CDA561 /* TopicIDQuery.swift in Sources */,
				724FC8C92C4E4A1800CDA561 /* OnBoardingViewController.swift in Sources */,
				724FC9C42C53F4E000CDA561 /* MyPolaroidView.swift in Sources */,
				724FC96D2C5146BB00CDA561 /* TextFieldPlaceholder.swift in Sources */,
				724FC8E42C4E91EE00CDA561 /* NicknameTextField.swift in Sources */,
				724FC99E2C528B8C00CDA561 /* PhotoSearchViewController.swift in Sources */,
				724FC9AF2C52C42C00CDA561 /* ValidationError.swift in Sources */,
				724FC9562C51294700CDA561 /* TrendsByTopicTableViewCell.swift in Sources */,
				724FC9302C501E1300CDA561 /* UIImage+Extension.swift in Sources */,
				724FC9C62C53FEB000CDA561 /* MyPolaroidCollectionViewCell.swift in Sources */,
				724FC9582C512B2600CDA561 /* TrendsByTopicCollectionViewCell.swift in Sources */,
				724FC9292C4F8B8D00CDA561 /* EditProfileView.swift in Sources */,
				724FC9952C52119900CDA561 /* RandomPhotoModel.swift in Sources */,
				724FC92B2C4F8EBE00CDA561 /* EditProfileCollectionViewCell.swift in Sources */,
				724FC92E2C4F8F3300CDA561 /* ReuseIdentifierProtocol.swift in Sources */,
				724FC9DD2C551AD100CDA561 /* PhotoDetailModel.swift in Sources */,
				724FC9CF2C54011800CDA561 /* LikeListTable.swift in Sources */,
				724FC8DC2C4E89AD00CDA561 /* ProfileSettingViewController.swift in Sources */,
				724FC9D42C541A7500CDA561 /* LikeButton.swift in Sources */,
				724FC9C22C53F4CB00CDA561 /* MyPolaroidViewController.swift in Sources */,
				724FC9E12C55661D00CDA561 /* FormatterManager.swift in Sources */,
				724FC9692C51434C00CDA561 /* TopicPhotoModel.swift in Sources */,
				724FC9772C5170E700CDA561 /* ScreenSize.swift in Sources */,
				724FC9A62C52A7DE00CDA561 /* TargetType.swift in Sources */,
				724FC8FD2C4F6E1800CDA561 /* TabBarController.swift in Sources */,
				724FC8A52C4E36A000CDA561 /* SceneDelegate.swift in Sources */,
				724FC8C72C4E481C00CDA561 /* BaseTableViewCell.swift in Sources */,
				724FC9A22C529D7F00CDA561 /* NaviProtocol.swift in Sources */,
				724FC96F2C5146CE00CDA561 /* NicknameError.swift in Sources */,
				724FC8DE2C4E89D700CDA561 /* ProfileSettingView.swift in Sources */,
				724FC9602C51383100CDA561 /* APIKey.swift in Sources */,
				724FC8C12C4E47AB00CDA561 /* BaseView.swift in Sources */,
				724FC8D22C4E51D400CDA561 /* MainPosterImageView.swift in Sources */,
				724FC9A42C52A1AB00CDA561 /* NavigationTitle.swift in Sources */,
				724FC8C52C4E47FB00CDA561 /* BaseCollectionViewCell.swift in Sources */,
				724FC9DF2C554B4900CDA561 /* LikeImageName.swift in Sources */,
			);
			runOnlyForDeploymentPostprocessing = 0;
		};
/* End PBXSourcesBuildPhase section */

/* Begin PBXVariantGroup section */
		724FC8AD2C4E36A200CDA561 /* LaunchScreen.storyboard */ = {
			isa = PBXVariantGroup;
			children = (
				724FC8AE2C4E36A200CDA561 /* Base */,
			);
			name = LaunchScreen.storyboard;
			sourceTree = "<group>";
		};
/* End PBXVariantGroup section */

/* Begin XCBuildConfiguration section */
		724FC8B12C4E36A200CDA561 /* Debug */ = {
			isa = XCBuildConfiguration;
			buildSettings = {
				ALWAYS_SEARCH_USER_PATHS = NO;
				ASSETCATALOG_COMPILER_GENERATE_SWIFT_ASSET_SYMBOL_EXTENSIONS = YES;
				CLANG_ANALYZER_NONNULL = YES;
				CLANG_ANALYZER_NUMBER_OBJECT_CONVERSION = YES_AGGRESSIVE;
				CLANG_CXX_LANGUAGE_STANDARD = "gnu++20";
				CLANG_ENABLE_MODULES = YES;
				CLANG_ENABLE_OBJC_ARC = YES;
				CLANG_ENABLE_OBJC_WEAK = YES;
				CLANG_WARN_BLOCK_CAPTURE_AUTORELEASING = YES;
				CLANG_WARN_BOOL_CONVERSION = YES;
				CLANG_WARN_COMMA = YES;
				CLANG_WARN_CONSTANT_CONVERSION = YES;
				CLANG_WARN_DEPRECATED_OBJC_IMPLEMENTATIONS = YES;
				CLANG_WARN_DIRECT_OBJC_ISA_USAGE = YES_ERROR;
				CLANG_WARN_DOCUMENTATION_COMMENTS = YES;
				CLANG_WARN_EMPTY_BODY = YES;
				CLANG_WARN_ENUM_CONVERSION = YES;
				CLANG_WARN_INFINITE_RECURSION = YES;
				CLANG_WARN_INT_CONVERSION = YES;
				CLANG_WARN_NON_LITERAL_NULL_CONVERSION = YES;
				CLANG_WARN_OBJC_IMPLICIT_RETAIN_SELF = YES;
				CLANG_WARN_OBJC_LITERAL_CONVERSION = YES;
				CLANG_WARN_OBJC_ROOT_CLASS = YES_ERROR;
				CLANG_WARN_QUOTED_INCLUDE_IN_FRAMEWORK_HEADER = YES;
				CLANG_WARN_RANGE_LOOP_ANALYSIS = YES;
				CLANG_WARN_STRICT_PROTOTYPES = YES;
				CLANG_WARN_SUSPICIOUS_MOVE = YES;
				CLANG_WARN_UNGUARDED_AVAILABILITY = YES_AGGRESSIVE;
				CLANG_WARN_UNREACHABLE_CODE = YES;
				CLANG_WARN__DUPLICATE_METHOD_MATCH = YES;
				COPY_PHASE_STRIP = NO;
				DEBUG_INFORMATION_FORMAT = dwarf;
				ENABLE_STRICT_OBJC_MSGSEND = YES;
				ENABLE_TESTABILITY = YES;
				ENABLE_USER_SCRIPT_SANDBOXING = YES;
				GCC_C_LANGUAGE_STANDARD = gnu17;
				GCC_DYNAMIC_NO_PIC = NO;
				GCC_NO_COMMON_BLOCKS = YES;
				GCC_OPTIMIZATION_LEVEL = 0;
				GCC_PREPROCESSOR_DEFINITIONS = (
					"DEBUG=1",
					"$(inherited)",
				);
				GCC_WARN_64_TO_32_BIT_CONVERSION = YES;
				GCC_WARN_ABOUT_RETURN_TYPE = YES_ERROR;
				GCC_WARN_UNDECLARED_SELECTOR = YES;
				GCC_WARN_UNINITIALIZED_AUTOS = YES_AGGRESSIVE;
				GCC_WARN_UNUSED_FUNCTION = YES;
				GCC_WARN_UNUSED_VARIABLE = YES;
				IPHONEOS_DEPLOYMENT_TARGET = 17.4;
				LOCALIZATION_PREFERS_STRING_CATALOGS = YES;
				MTL_ENABLE_DEBUG_INFO = INCLUDE_SOURCE;
				MTL_FAST_MATH = YES;
				ONLY_ACTIVE_ARCH = YES;
				SDKROOT = iphoneos;
				SWIFT_ACTIVE_COMPILATION_CONDITIONS = "DEBUG $(inherited)";
				SWIFT_OPTIMIZATION_LEVEL = "-Onone";
			};
			name = Debug;
		};
		724FC8B22C4E36A200CDA561 /* Release */ = {
			isa = XCBuildConfiguration;
			buildSettings = {
				ALWAYS_SEARCH_USER_PATHS = NO;
				ASSETCATALOG_COMPILER_GENERATE_SWIFT_ASSET_SYMBOL_EXTENSIONS = YES;
				CLANG_ANALYZER_NONNULL = YES;
				CLANG_ANALYZER_NUMBER_OBJECT_CONVERSION = YES_AGGRESSIVE;
				CLANG_CXX_LANGUAGE_STANDARD = "gnu++20";
				CLANG_ENABLE_MODULES = YES;
				CLANG_ENABLE_OBJC_ARC = YES;
				CLANG_ENABLE_OBJC_WEAK = YES;
				CLANG_WARN_BLOCK_CAPTURE_AUTORELEASING = YES;
				CLANG_WARN_BOOL_CONVERSION = YES;
				CLANG_WARN_COMMA = YES;
				CLANG_WARN_CONSTANT_CONVERSION = YES;
				CLANG_WARN_DEPRECATED_OBJC_IMPLEMENTATIONS = YES;
				CLANG_WARN_DIRECT_OBJC_ISA_USAGE = YES_ERROR;
				CLANG_WARN_DOCUMENTATION_COMMENTS = YES;
				CLANG_WARN_EMPTY_BODY = YES;
				CLANG_WARN_ENUM_CONVERSION = YES;
				CLANG_WARN_INFINITE_RECURSION = YES;
				CLANG_WARN_INT_CONVERSION = YES;
				CLANG_WARN_NON_LITERAL_NULL_CONVERSION = YES;
				CLANG_WARN_OBJC_IMPLICIT_RETAIN_SELF = YES;
				CLANG_WARN_OBJC_LITERAL_CONVERSION = YES;
				CLANG_WARN_OBJC_ROOT_CLASS = YES_ERROR;
				CLANG_WARN_QUOTED_INCLUDE_IN_FRAMEWORK_HEADER = YES;
				CLANG_WARN_RANGE_LOOP_ANALYSIS = YES;
				CLANG_WARN_STRICT_PROTOTYPES = YES;
				CLANG_WARN_SUSPICIOUS_MOVE = YES;
				CLANG_WARN_UNGUARDED_AVAILABILITY = YES_AGGRESSIVE;
				CLANG_WARN_UNREACHABLE_CODE = YES;
				CLANG_WARN__DUPLICATE_METHOD_MATCH = YES;
				COPY_PHASE_STRIP = NO;
				DEBUG_INFORMATION_FORMAT = "dwarf-with-dsym";
				ENABLE_NS_ASSERTIONS = NO;
				ENABLE_STRICT_OBJC_MSGSEND = YES;
				ENABLE_USER_SCRIPT_SANDBOXING = YES;
				GCC_C_LANGUAGE_STANDARD = gnu17;
				GCC_NO_COMMON_BLOCKS = YES;
				GCC_WARN_64_TO_32_BIT_CONVERSION = YES;
				GCC_WARN_ABOUT_RETURN_TYPE = YES_ERROR;
				GCC_WARN_UNDECLARED_SELECTOR = YES;
				GCC_WARN_UNINITIALIZED_AUTOS = YES_AGGRESSIVE;
				GCC_WARN_UNUSED_FUNCTION = YES;
				GCC_WARN_UNUSED_VARIABLE = YES;
				IPHONEOS_DEPLOYMENT_TARGET = 17.4;
				LOCALIZATION_PREFERS_STRING_CATALOGS = YES;
				MTL_ENABLE_DEBUG_INFO = NO;
				MTL_FAST_MATH = YES;
				SDKROOT = iphoneos;
				SWIFT_COMPILATION_MODE = wholemodule;
				VALIDATE_PRODUCT = YES;
			};
			name = Release;
		};
		724FC8B42C4E36A200CDA561 /* Debug */ = {
			isa = XCBuildConfiguration;
			buildSettings = {
				ASSETCATALOG_COMPILER_APPICON_NAME = AppIcon;
				ASSETCATALOG_COMPILER_GLOBAL_ACCENT_COLOR_NAME = AccentColor;
				CODE_SIGN_STYLE = Automatic;
				CURRENT_PROJECT_VERSION = 1;
				DEVELOPMENT_TEAM = QQN262X7KM;
				GENERATE_INFOPLIST_FILE = YES;
				INFOPLIST_FILE = MyPolaroid/Info.plist;
				INFOPLIST_KEY_CFBundleDisplayName = "전준영";
				INFOPLIST_KEY_UIApplicationSupportsIndirectInputEvents = YES;
				INFOPLIST_KEY_UILaunchStoryboardName = LaunchScreen;
				INFOPLIST_KEY_UISupportedInterfaceOrientations = UIInterfaceOrientationPortrait;
				INFOPLIST_KEY_UISupportedInterfaceOrientations_iPad = UIInterfaceOrientationPortrait;
				IPHONEOS_DEPLOYMENT_TARGET = 15.0;
				LD_RUNPATH_SEARCH_PATHS = (
					"$(inherited)",
					"@executable_path/Frameworks",
				);
				MARKETING_VERSION = 1.0;
				PRODUCT_BUNDLE_IDENTIFIER = com.Jun.MyPolaroid;
				PRODUCT_NAME = "$(TARGET_NAME)";
				SUPPORTED_PLATFORMS = "iphoneos iphonesimulator";
				SUPPORTS_MACCATALYST = NO;
				SUPPORTS_MAC_DESIGNED_FOR_IPHONE_IPAD = NO;
				SUPPORTS_XR_DESIGNED_FOR_IPHONE_IPAD = NO;
				SWIFT_EMIT_LOC_STRINGS = YES;
				SWIFT_VERSION = 5.0;
				TARGETED_DEVICE_FAMILY = 1;
			};
			name = Debug;
		};
		724FC8B52C4E36A200CDA561 /* Release */ = {
			isa = XCBuildConfiguration;
			buildSettings = {
				ASSETCATALOG_COMPILER_APPICON_NAME = AppIcon;
				ASSETCATALOG_COMPILER_GLOBAL_ACCENT_COLOR_NAME = AccentColor;
				CODE_SIGN_STYLE = Automatic;
				CURRENT_PROJECT_VERSION = 1;
				DEVELOPMENT_TEAM = QQN262X7KM;
				GENERATE_INFOPLIST_FILE = YES;
				INFOPLIST_FILE = MyPolaroid/Info.plist;
				INFOPLIST_KEY_CFBundleDisplayName = "전준영";
				INFOPLIST_KEY_UIApplicationSupportsIndirectInputEvents = YES;
				INFOPLIST_KEY_UILaunchStoryboardName = LaunchScreen;
				INFOPLIST_KEY_UISupportedInterfaceOrientations = UIInterfaceOrientationPortrait;
				INFOPLIST_KEY_UISupportedInterfaceOrientations_iPad = UIInterfaceOrientationPortrait;
				IPHONEOS_DEPLOYMENT_TARGET = 15.0;
				LD_RUNPATH_SEARCH_PATHS = (
					"$(inherited)",
					"@executable_path/Frameworks",
				);
				MARKETING_VERSION = 1.0;
				PRODUCT_BUNDLE_IDENTIFIER = com.Jun.MyPolaroid;
				PRODUCT_NAME = "$(TARGET_NAME)";
				SUPPORTED_PLATFORMS = "iphoneos iphonesimulator";
				SUPPORTS_MACCATALYST = NO;
				SUPPORTS_MAC_DESIGNED_FOR_IPHONE_IPAD = NO;
				SUPPORTS_XR_DESIGNED_FOR_IPHONE_IPAD = NO;
				SWIFT_EMIT_LOC_STRINGS = YES;
				SWIFT_VERSION = 5.0;
				TARGETED_DEVICE_FAMILY = 1;
			};
			name = Release;
		};
/* End XCBuildConfiguration section */

/* Begin XCConfigurationList section */
		724FC89A2C4E36A000CDA561 /* Build configuration list for PBXProject "MyPolaroid" */ = {
			isa = XCConfigurationList;
			buildConfigurations = (
				724FC8B12C4E36A200CDA561 /* Debug */,
				724FC8B22C4E36A200CDA561 /* Release */,
			);
			defaultConfigurationIsVisible = 0;
			defaultConfigurationName = Release;
		};
		724FC8B32C4E36A200CDA561 /* Build configuration list for PBXNativeTarget "MyPolaroid" */ = {
			isa = XCConfigurationList;
			buildConfigurations = (
				724FC8B42C4E36A200CDA561 /* Debug */,
				724FC8B52C4E36A200CDA561 /* Release */,
			);
			defaultConfigurationIsVisible = 0;
			defaultConfigurationName = Release;
		};
/* End XCConfigurationList section */

/* Begin XCRemoteSwiftPackageReference section */
		724FC8CD2C4E4B2700CDA561 /* XCRemoteSwiftPackageReference "SnapKit" */ = {
			isa = XCRemoteSwiftPackageReference;
			repositoryURL = "https://github.com/SnapKit/SnapKit.git";
			requirement = {
				kind = upToNextMajorVersion;
				minimumVersion = 5.7.1;
			};
		};
		724FC95A2C51375D00CDA561 /* XCRemoteSwiftPackageReference "Alamofire" */ = {
			isa = XCRemoteSwiftPackageReference;
			repositoryURL = "https://github.com/Alamofire/Alamofire.git";
			requirement = {
				kind = upToNextMajorVersion;
				minimumVersion = 5.9.1;
			};
		};
		724FC9722C5166EE00CDA561 /* XCRemoteSwiftPackageReference "Kingfisher" */ = {
			isa = XCRemoteSwiftPackageReference;
			repositoryURL = "https://github.com/onevcat/Kingfisher.git";
			requirement = {
				kind = upToNextMajorVersion;
				minimumVersion = 7.12.0;
			};
		};
		724FC9B02C52C44600CDA561 /* XCRemoteSwiftPackageReference "Toast-Swift" */ = {
			isa = XCRemoteSwiftPackageReference;
			repositoryURL = "https://github.com/scalessec/Toast-Swift.git";
			requirement = {
				kind = upToNextMajorVersion;
				minimumVersion = 5.1.1;
			};
		};
		724FC9C72C54000C00CDA561 /* XCRemoteSwiftPackageReference "realm-swift" */ = {
			isa = XCRemoteSwiftPackageReference;
			repositoryURL = "https://github.com/realm/realm-swift.git";
			requirement = {
				kind = exactVersion;
				version = 10.52.2;
			};
		};
		724FC9E62C56BC9900CDA561 /* XCRemoteSwiftPackageReference "IQKeyboardManager" */ = {
			isa = XCRemoteSwiftPackageReference;
			repositoryURL = "https://github.com/hackiftekhar/IQKeyboardManager.git";
			requirement = {
				kind = upToNextMajorVersion;
				minimumVersion = 7.1.1;
			};
		};
		724FC9EF2C57BC1000CDA561 /* XCRemoteSwiftPackageReference "SkeletonView" */ = {
			isa = XCRemoteSwiftPackageReference;
			repositoryURL = "https://github.com/Juanpe/SkeletonView.git";
			requirement = {
				kind = upToNextMajorVersion;
				minimumVersion = 1.31.0;
			};
		};
/* End XCRemoteSwiftPackageReference section */

/* Begin XCSwiftPackageProductDependency section */
		724FC8CE2C4E4B2700CDA561 /* SnapKit */ = {
			isa = XCSwiftPackageProductDependency;
			package = 724FC8CD2C4E4B2700CDA561 /* XCRemoteSwiftPackageReference "SnapKit" */;
			productName = SnapKit;
		};
		724FC95B2C51375D00CDA561 /* Alamofire */ = {
			isa = XCSwiftPackageProductDependency;
			package = 724FC95A2C51375D00CDA561 /* XCRemoteSwiftPackageReference "Alamofire" */;
			productName = Alamofire;
		};
		724FC9732C5166EE00CDA561 /* Kingfisher */ = {
			isa = XCSwiftPackageProductDependency;
			package = 724FC9722C5166EE00CDA561 /* XCRemoteSwiftPackageReference "Kingfisher" */;
			productName = Kingfisher;
		};
		724FC9B12C52C44600CDA561 /* Toast */ = {
			isa = XCSwiftPackageProductDependency;
			package = 724FC9B02C52C44600CDA561 /* XCRemoteSwiftPackageReference "Toast-Swift" */;
			productName = Toast;
		};
		724FC9C82C54000C00CDA561 /* RealmSwift */ = {
			isa = XCSwiftPackageProductDependency;
			package = 724FC9C72C54000C00CDA561 /* XCRemoteSwiftPackageReference "realm-swift" */;
			productName = RealmSwift;
		};
		724FC9E72C56BC9900CDA561 /* IQKeyboardManagerSwift */ = {
			isa = XCSwiftPackageProductDependency;
			package = 724FC9E62C56BC9900CDA561 /* XCRemoteSwiftPackageReference "IQKeyboardManager" */;
			productName = IQKeyboardManagerSwift;
		};
		724FC9F02C57BC1000CDA561 /* SkeletonView */ = {
			isa = XCSwiftPackageProductDependency;
			package = 724FC9EF2C57BC1000CDA561 /* XCRemoteSwiftPackageReference "SkeletonView" */;
			productName = SkeletonView;
		};
/* End XCSwiftPackageProductDependency section */
	};
	rootObject = 724FC8972C4E36A000CDA561 /* Project object */;
}
