// !$*UTF8*$!
{
	archiveVersion = 1;
	classes = {
	};
	objectVersion = 56;
	objects = {

/* Begin PBXBuildFile section */
		724FC8A32C4E36A000CDA561 /* AppDelegate.swift in Sources */ = {isa = PBXBuildFile; fileRef = 724FC8A22C4E36A000CDA561 /* AppDelegate.swift */; };
		724FC8A52C4E36A000CDA561 /* SceneDelegate.swift in Sources */ = {isa = PBXBuildFile; fileRef = 724FC8A42C4E36A000CDA561 /* SceneDelegate.swift */; };
		724FC8AC2C4E36A200CDA561 /* Assets.xcassets in Resources */ = {isa = PBXBuildFile; fileRef = 724FC8AB2C4E36A200CDA561 /* Assets.xcassets */; };
		724FC8AF2C4E36A200CDA561 /* Base in Resources */ = {isa = PBXBuildFile; fileRef = 724FC8AE2C4E36A200CDA561 /* Base */; };
		724FC8BB2C4E40F400CDA561 /* ResourceFont.swift in Sources */ = {isa = PBXBuildFile; fileRef = 724FC8BA2C4E40F400CDA561 /* ResourceFont.swift */; };
		724FC8BD2C4E414E00CDA561 /* .gitignore in Resources */ = {isa = PBXBuildFile; fileRef = 724FC8BC2C4E414E00CDA561 /* .gitignore */; };
		724FC8C12C4E47AB00CDA561 /* BaseView.swift in Sources */ = {isa = PBXBuildFile; fileRef = 724FC8C02C4E47AB00CDA561 /* BaseView.swift */; };
		724FC8C32C4E47D000CDA561 /* BaseViewController.swift in Sources */ = {isa = PBXBuildFile; fileRef = 724FC8C22C4E47D000CDA561 /* BaseViewController.swift */; };
		724FC8C52C4E47FB00CDA561 /* BaseCollectionViewCell.swift in Sources */ = {isa = PBXBuildFile; fileRef = 724FC8C42C4E47FB00CDA561 /* BaseCollectionViewCell.swift */; };
		724FC8C72C4E481C00CDA561 /* BaseTableViewCell.swift in Sources */ = {isa = PBXBuildFile; fileRef = 724FC8C62C4E481C00CDA561 /* BaseTableViewCell.swift */; };
		724FC8C92C4E4A1800CDA561 /* OnBoardingViewController.swift in Sources */ = {isa = PBXBuildFile; fileRef = 724FC8C82C4E4A1800CDA561 /* OnBoardingViewController.swift */; };
		724FC8CC2C4E4A7400CDA561 /* OnBoardingView.swift in Sources */ = {isa = PBXBuildFile; fileRef = 724FC8CB2C4E4A7400CDA561 /* OnBoardingView.swift */; };
		724FC8CF2C4E4B2700CDA561 /* SnapKit in Frameworks */ = {isa = PBXBuildFile; productRef = 724FC8CE2C4E4B2700CDA561 /* SnapKit */; };
		724FC8D22C4E51D400CDA561 /* MainPosterImageView.swift in Sources */ = {isa = PBXBuildFile; fileRef = 724FC8D12C4E51D400CDA561 /* MainPosterImageView.swift */; };
		724FC8D52C4E555F00CDA561 /* Enums.swift in Sources */ = {isa = PBXBuildFile; fileRef = 724FC8D42C4E555F00CDA561 /* Enums.swift */; };
		724FC8D72C4E561600CDA561 /* PointButton.swift in Sources */ = {isa = PBXBuildFile; fileRef = 724FC8D62C4E561600CDA561 /* PointButton.swift */; };
		724FC8DC2C4E89AD00CDA561 /* ProfileSettingViewController.swift in Sources */ = {isa = PBXBuildFile; fileRef = 724FC8DB2C4E89AD00CDA561 /* ProfileSettingViewController.swift */; };
		724FC8DE2C4E89D700CDA561 /* ProfileSettingView.swift in Sources */ = {isa = PBXBuildFile; fileRef = 724FC8DD2C4E89D700CDA561 /* ProfileSettingView.swift */; };
		724FC8E02C4E8D7C00CDA561 /* CameraImage.swift in Sources */ = {isa = PBXBuildFile; fileRef = 724FC8DF2C4E8D7C00CDA561 /* CameraImage.swift */; };
		724FC8E22C4E8E7D00CDA561 /* ProfileImageView.swift in Sources */ = {isa = PBXBuildFile; fileRef = 724FC8E12C4E8E7D00CDA561 /* ProfileImageView.swift */; };
		724FC8E42C4E91EE00CDA561 /* NicknameTextField.swift in Sources */ = {isa = PBXBuildFile; fileRef = 724FC8E32C4E91EE00CDA561 /* NicknameTextField.swift */; };
		724FC8E72C4E9BA600CDA561 /* UIButton+Extension.swift in Sources */ = {isa = PBXBuildFile; fileRef = 724FC8E62C4E9BA600CDA561 /* UIButton+Extension.swift */; };
		724FC8EA2C4EBF4300CDA561 /* Observable.swift in Sources */ = {isa = PBXBuildFile; fileRef = 724FC8E92C4EBF4300CDA561 /* Observable.swift */; };
		724FC8ED2C4EBFA700CDA561 /* ProfileSettingViewModel.swift in Sources */ = {isa = PBXBuildFile; fileRef = 724FC8EC2C4EBFA700CDA561 /* ProfileSettingViewModel.swift */; };
/* End PBXBuildFile section */

/* Begin PBXFileReference section */
		724FC89F2C4E36A000CDA561 /* MyPolaroid.app */ = {isa = PBXFileReference; explicitFileType = wrapper.application; includeInIndex = 0; path = MyPolaroid.app; sourceTree = BUILT_PRODUCTS_DIR; };
		724FC8A22C4E36A000CDA561 /* AppDelegate.swift */ = {isa = PBXFileReference; lastKnownFileType = sourcecode.swift; path = AppDelegate.swift; sourceTree = "<group>"; };
		724FC8A42C4E36A000CDA561 /* SceneDelegate.swift */ = {isa = PBXFileReference; lastKnownFileType = sourcecode.swift; path = SceneDelegate.swift; sourceTree = "<group>"; };
		724FC8AB2C4E36A200CDA561 /* Assets.xcassets */ = {isa = PBXFileReference; lastKnownFileType = folder.assetcatalog; path = Assets.xcassets; sourceTree = "<group>"; };
		724FC8AE2C4E36A200CDA561 /* Base */ = {isa = PBXFileReference; lastKnownFileType = file.storyboard; name = Base; path = Base.lproj/LaunchScreen.storyboard; sourceTree = "<group>"; };
		724FC8B02C4E36A200CDA561 /* Info.plist */ = {isa = PBXFileReference; lastKnownFileType = text.plist.xml; path = Info.plist; sourceTree = "<group>"; };
		724FC8BA2C4E40F400CDA561 /* ResourceFont.swift */ = {isa = PBXFileReference; lastKnownFileType = sourcecode.swift; path = ResourceFont.swift; sourceTree = "<group>"; };
		724FC8BC2C4E414E00CDA561 /* .gitignore */ = {isa = PBXFileReference; lastKnownFileType = text; path = .gitignore; sourceTree = "<group>"; };
		724FC8C02C4E47AB00CDA561 /* BaseView.swift */ = {isa = PBXFileReference; lastKnownFileType = sourcecode.swift; path = BaseView.swift; sourceTree = "<group>"; };
		724FC8C22C4E47D000CDA561 /* BaseViewController.swift */ = {isa = PBXFileReference; lastKnownFileType = sourcecode.swift; path = BaseViewController.swift; sourceTree = "<group>"; };
		724FC8C42C4E47FB00CDA561 /* BaseCollectionViewCell.swift */ = {isa = PBXFileReference; lastKnownFileType = sourcecode.swift; path = BaseCollectionViewCell.swift; sourceTree = "<group>"; };
		724FC8C62C4E481C00CDA561 /* BaseTableViewCell.swift */ = {isa = PBXFileReference; lastKnownFileType = sourcecode.swift; path = BaseTableViewCell.swift; sourceTree = "<group>"; };
		724FC8C82C4E4A1800CDA561 /* OnBoardingViewController.swift */ = {isa = PBXFileReference; lastKnownFileType = sourcecode.swift; path = OnBoardingViewController.swift; sourceTree = "<group>"; };
		724FC8CB2C4E4A7400CDA561 /* OnBoardingView.swift */ = {isa = PBXFileReference; lastKnownFileType = sourcecode.swift; path = OnBoardingView.swift; sourceTree = "<group>"; };
		724FC8D12C4E51D400CDA561 /* MainPosterImageView.swift */ = {isa = PBXFileReference; lastKnownFileType = sourcecode.swift; path = MainPosterImageView.swift; sourceTree = "<group>"; };
		724FC8D42C4E555F00CDA561 /* Enums.swift */ = {isa = PBXFileReference; lastKnownFileType = sourcecode.swift; path = Enums.swift; sourceTree = "<group>"; };
		724FC8D62C4E561600CDA561 /* PointButton.swift */ = {isa = PBXFileReference; lastKnownFileType = sourcecode.swift; path = PointButton.swift; sourceTree = "<group>"; };
		724FC8DB2C4E89AD00CDA561 /* ProfileSettingViewController.swift */ = {isa = PBXFileReference; lastKnownFileType = sourcecode.swift; path = ProfileSettingViewController.swift; sourceTree = "<group>"; };
		724FC8DD2C4E89D700CDA561 /* ProfileSettingView.swift */ = {isa = PBXFileReference; lastKnownFileType = sourcecode.swift; path = ProfileSettingView.swift; sourceTree = "<group>"; };
		724FC8DF2C4E8D7C00CDA561 /* CameraImage.swift */ = {isa = PBXFileReference; lastKnownFileType = sourcecode.swift; path = CameraImage.swift; sourceTree = "<group>"; };
		724FC8E12C4E8E7D00CDA561 /* ProfileImageView.swift */ = {isa = PBXFileReference; lastKnownFileType = sourcecode.swift; path = ProfileImageView.swift; sourceTree = "<group>"; };
		724FC8E32C4E91EE00CDA561 /* NicknameTextField.swift */ = {isa = PBXFileReference; lastKnownFileType = sourcecode.swift; path = NicknameTextField.swift; sourceTree = "<group>"; };
		724FC8E62C4E9BA600CDA561 /* UIButton+Extension.swift */ = {isa = PBXFileReference; lastKnownFileType = sourcecode.swift; path = "UIButton+Extension.swift"; sourceTree = "<group>"; };
		724FC8E92C4EBF4300CDA561 /* Observable.swift */ = {isa = PBXFileReference; lastKnownFileType = sourcecode.swift; path = Observable.swift; sourceTree = "<group>"; };
		724FC8EC2C4EBFA700CDA561 /* ProfileSettingViewModel.swift */ = {isa = PBXFileReference; lastKnownFileType = sourcecode.swift; path = ProfileSettingViewModel.swift; sourceTree = "<group>"; };
/* End PBXFileReference section */

/* Begin PBXFrameworksBuildPhase section */
		724FC89C2C4E36A000CDA561 /* Frameworks */ = {
			isa = PBXFrameworksBuildPhase;
			buildActionMask = 2147483647;
			files = (
				724FC8CF2C4E4B2700CDA561 /* SnapKit in Frameworks */,
			);
			runOnlyForDeploymentPostprocessing = 0;
		};
/* End PBXFrameworksBuildPhase section */

/* Begin PBXGroup section */
		724FC8962C4E36A000CDA561 = {
			isa = PBXGroup;
			children = (
				724FC8BC2C4E414E00CDA561 /* .gitignore */,
				724FC8A12C4E36A000CDA561 /* MyPolaroid */,
				724FC8A02C4E36A000CDA561 /* Products */,
			);
			sourceTree = "<group>";
		};
		724FC8A02C4E36A000CDA561 /* Products */ = {
			isa = PBXGroup;
			children = (
				724FC89F2C4E36A000CDA561 /* MyPolaroid.app */,
			);
			name = Products;
			sourceTree = "<group>";
		};
		724FC8A12C4E36A000CDA561 /* MyPolaroid */ = {
			isa = PBXGroup;
			children = (
				724FC8B62C4E386600CDA561 /* Resources */,
				724FC8B82C4E38C800CDA561 /* Sources */,
				724FC8B02C4E36A200CDA561 /* Info.plist */,
			);
			path = MyPolaroid;
			sourceTree = "<group>";
		};
		724FC8B62C4E386600CDA561 /* Resources */ = {
			isa = PBXGroup;
			children = (
				724FC8A22C4E36A000CDA561 /* AppDelegate.swift */,
				724FC8A42C4E36A000CDA561 /* SceneDelegate.swift */,
				724FC8AB2C4E36A200CDA561 /* Assets.xcassets */,
				724FC8B72C4E389700CDA561 /* StoryBoard */,
				724FC8D32C4E553D00CDA561 /* Constants */,
				724FC8B92C4E40BB00CDA561 /* Fonts */,
				724FC8E82C4EBF3300CDA561 /* Observable */,
				724FC8E52C4E9B7900CDA561 /* Extensions */,
			);
			path = Resources;
			sourceTree = "<group>";
		};
		724FC8B72C4E389700CDA561 /* StoryBoard */ = {
			isa = PBXGroup;
			children = (
				724FC8AD2C4E36A200CDA561 /* LaunchScreen.storyboard */,
			);
			path = StoryBoard;
			sourceTree = "<group>";
		};
		724FC8B82C4E38C800CDA561 /* Sources */ = {
			isa = PBXGroup;
			children = (
				724FC8D02C4E519D00CDA561 /* Custom */,
				724FC8BF2C4E478600CDA561 /* Base */,
				724FC8BE2C4E468C00CDA561 /* OnBoardingScene */,
				724FC8D92C4E896E00CDA561 /* ProfileSettingScene */,
			);
			path = Sources;
			sourceTree = "<group>";
		};
		724FC8B92C4E40BB00CDA561 /* Fonts */ = {
			isa = PBXGroup;
			children = (
				724FC8BA2C4E40F400CDA561 /* ResourceFont.swift */,
			);
			path = Fonts;
			sourceTree = "<group>";
		};
		724FC8BE2C4E468C00CDA561 /* OnBoardingScene */ = {
			isa = PBXGroup;
			children = (
				724FC8CA2C4E4A5B00CDA561 /* View */,
			);
			path = OnBoardingScene;
			sourceTree = "<group>";
		};
		724FC8BF2C4E478600CDA561 /* Base */ = {
			isa = PBXGroup;
			children = (
				724FC8C02C4E47AB00CDA561 /* BaseView.swift */,
				724FC8C22C4E47D000CDA561 /* BaseViewController.swift */,
				724FC8C42C4E47FB00CDA561 /* BaseCollectionViewCell.swift */,
				724FC8C62C4E481C00CDA561 /* BaseTableViewCell.swift */,
			);
			path = Base;
			sourceTree = "<group>";
		};
		724FC8CA2C4E4A5B00CDA561 /* View */ = {
			isa = PBXGroup;
			children = (
				724FC8C82C4E4A1800CDA561 /* OnBoardingViewController.swift */,
				724FC8CB2C4E4A7400CDA561 /* OnBoardingView.swift */,
			);
			path = View;
			sourceTree = "<group>";
		};
		724FC8D02C4E519D00CDA561 /* Custom */ = {
			isa = PBXGroup;
			children = (
				724FC8D12C4E51D400CDA561 /* MainPosterImageView.swift */,
				724FC8D62C4E561600CDA561 /* PointButton.swift */,
				724FC8DF2C4E8D7C00CDA561 /* CameraImage.swift */,
				724FC8E12C4E8E7D00CDA561 /* ProfileImageView.swift */,
				724FC8E32C4E91EE00CDA561 /* NicknameTextField.swift */,
			);
			path = Custom;
			sourceTree = "<group>";
		};
		724FC8D32C4E553D00CDA561 /* Constants */ = {
			isa = PBXGroup;
			children = (
				724FC8D42C4E555F00CDA561 /* Enums.swift */,
			);
			path = Constants;
			sourceTree = "<group>";
		};
		724FC8D92C4E896E00CDA561 /* ProfileSettingScene */ = {
			isa = PBXGroup;
			children = (
				724FC8DA2C4E899D00CDA561 /* View */,
				724FC8EB2C4EBF5E00CDA561 /* ViewModel */,
			);
			path = ProfileSettingScene;
			sourceTree = "<group>";
		};
		724FC8DA2C4E899D00CDA561 /* View */ = {
			isa = PBXGroup;
			children = (
				724FC8DB2C4E89AD00CDA561 /* ProfileSettingViewController.swift */,
				724FC8DD2C4E89D700CDA561 /* ProfileSettingView.swift */,
			);
			path = View;
			sourceTree = "<group>";
		};
		724FC8E52C4E9B7900CDA561 /* Extensions */ = {
			isa = PBXGroup;
			children = (
				724FC8E62C4E9BA600CDA561 /* UIButton+Extension.swift */,
			);
			path = Extensions;
			sourceTree = "<group>";
		};
		724FC8E82C4EBF3300CDA561 /* Observable */ = {
			isa = PBXGroup;
			children = (
				724FC8E92C4EBF4300CDA561 /* Observable.swift */,
			);
			path = Observable;
			sourceTree = "<group>";
		};
		724FC8EB2C4EBF5E00CDA561 /* ViewModel */ = {
			isa = PBXGroup;
			children = (
				724FC8EC2C4EBFA700CDA561 /* ProfileSettingViewModel.swift */,
			);
			path = ViewModel;
			sourceTree = "<group>";
		};
/* End PBXGroup section */

/* Begin PBXNativeTarget section */
		724FC89E2C4E36A000CDA561 /* MyPolaroid */ = {
			isa = PBXNativeTarget;
			buildConfigurationList = 724FC8B32C4E36A200CDA561 /* Build configuration list for PBXNativeTarget "MyPolaroid" */;
			buildPhases = (
				724FC89B2C4E36A000CDA561 /* Sources */,
				724FC89C2C4E36A000CDA561 /* Frameworks */,
				724FC89D2C4E36A000CDA561 /* Resources */,
			);
			buildRules = (
			);
			dependencies = (
			);
			name = MyPolaroid;
			packageProductDependencies = (
				724FC8CE2C4E4B2700CDA561 /* SnapKit */,
			);
			productName = MyPolaroid;
			productReference = 724FC89F2C4E36A000CDA561 /* MyPolaroid.app */;
			productType = "com.apple.product-type.application";
		};
/* End PBXNativeTarget section */

/* Begin PBXProject section */
		724FC8972C4E36A000CDA561 /* Project object */ = {
			isa = PBXProject;
			attributes = {
				BuildIndependentTargetsInParallel = 1;
				LastSwiftUpdateCheck = 1530;
				LastUpgradeCheck = 1530;
				TargetAttributes = {
					724FC89E2C4E36A000CDA561 = {
						CreatedOnToolsVersion = 15.3;
					};
				};
			};
			buildConfigurationList = 724FC89A2C4E36A000CDA561 /* Build configuration list for PBXProject "MyPolaroid" */;
			compatibilityVersion = "Xcode 14.0";
			developmentRegion = en;
			hasScannedForEncodings = 0;
			knownRegions = (
				en,
				Base,
			);
			mainGroup = 724FC8962C4E36A000CDA561;
			packageReferences = (
				724FC8CD2C4E4B2700CDA561 /* XCRemoteSwiftPackageReference "SnapKit" */,
			);
			productRefGroup = 724FC8A02C4E36A000CDA561 /* Products */;
			projectDirPath = "";
			projectRoot = "";
			targets = (
				724FC89E2C4E36A000CDA561 /* MyPolaroid */,
			);
		};
/* End PBXProject section */

/* Begin PBXResourcesBuildPhase section */
		724FC89D2C4E36A000CDA561 /* Resources */ = {
			isa = PBXResourcesBuildPhase;
			buildActionMask = 2147483647;
			files = (
				724FC8AC2C4E36A200CDA561 /* Assets.xcassets in Resources */,
				724FC8BD2C4E414E00CDA561 /* .gitignore in Resources */,
				724FC8AF2C4E36A200CDA561 /* Base in Resources */,
			);
			runOnlyForDeploymentPostprocessing = 0;
		};
/* End PBXResourcesBuildPhase section */

/* Begin PBXSourcesBuildPhase section */
		724FC89B2C4E36A000CDA561 /* Sources */ = {
			isa = PBXSourcesBuildPhase;
			buildActionMask = 2147483647;
			files = (
				724FC8EA2C4EBF4300CDA561 /* Observable.swift in Sources */,
				724FC8E22C4E8E7D00CDA561 /* ProfileImageView.swift in Sources */,
				724FC8C32C4E47D000CDA561 /* BaseViewController.swift in Sources */,
				724FC8ED2C4EBFA700CDA561 /* ProfileSettingViewModel.swift in Sources */,
				724FC8E02C4E8D7C00CDA561 /* CameraImage.swift in Sources */,
				724FC8BB2C4E40F400CDA561 /* ResourceFont.swift in Sources */,
				724FC8D72C4E561600CDA561 /* PointButton.swift in Sources */,
				724FC8E72C4E9BA600CDA561 /* UIButton+Extension.swift in Sources */,
				724FC8A32C4E36A000CDA561 /* AppDelegate.swift in Sources */,
				724FC8CC2C4E4A7400CDA561 /* OnBoardingView.swift in Sources */,
				724FC8C92C4E4A1800CDA561 /* OnBoardingViewController.swift in Sources */,
				724FC8E42C4E91EE00CDA561 /* NicknameTextField.swift in Sources */,
				724FC8DC2C4E89AD00CDA561 /* ProfileSettingViewController.swift in Sources */,
				724FC8A52C4E36A000CDA561 /* SceneDelegate.swift in Sources */,
				724FC8C72C4E481C00CDA561 /* BaseTableViewCell.swift in Sources */,
				724FC8DE2C4E89D700CDA561 /* ProfileSettingView.swift in Sources */,
				724FC8C12C4E47AB00CDA561 /* BaseView.swift in Sources */,
				724FC8D22C4E51D400CDA561 /* MainPosterImageView.swift in Sources */,
				724FC8C52C4E47FB00CDA561 /* BaseCollectionViewCell.swift in Sources */,
				724FC8D52C4E555F00CDA561 /* Enums.swift in Sources */,
			);
			runOnlyForDeploymentPostprocessing = 0;
		};
/* End PBXSourcesBuildPhase section */

/* Begin PBXVariantGroup section */
		724FC8AD2C4E36A200CDA561 /* LaunchScreen.storyboard */ = {
			isa = PBXVariantGroup;
			children = (
				724FC8AE2C4E36A200CDA561 /* Base */,
			);
			name = LaunchScreen.storyboard;
			sourceTree = "<group>";
		};
/* End PBXVariantGroup section */

/* Begin XCBuildConfiguration section */
		724FC8B12C4E36A200CDA561 /* Debug */ = {
			isa = XCBuildConfiguration;
			buildSettings = {
				ALWAYS_SEARCH_USER_PATHS = NO;
				ASSETCATALOG_COMPILER_GENERATE_SWIFT_ASSET_SYMBOL_EXTENSIONS = YES;
				CLANG_ANALYZER_NONNULL = YES;
				CLANG_ANALYZER_NUMBER_OBJECT_CONVERSION = YES_AGGRESSIVE;
				CLANG_CXX_LANGUAGE_STANDARD = "gnu++20";
				CLANG_ENABLE_MODULES = YES;
				CLANG_ENABLE_OBJC_ARC = YES;
				CLANG_ENABLE_OBJC_WEAK = YES;
				CLANG_WARN_BLOCK_CAPTURE_AUTORELEASING = YES;
				CLANG_WARN_BOOL_CONVERSION = YES;
				CLANG_WARN_COMMA = YES;
				CLANG_WARN_CONSTANT_CONVERSION = YES;
				CLANG_WARN_DEPRECATED_OBJC_IMPLEMENTATIONS = YES;
				CLANG_WARN_DIRECT_OBJC_ISA_USAGE = YES_ERROR;
				CLANG_WARN_DOCUMENTATION_COMMENTS = YES;
				CLANG_WARN_EMPTY_BODY = YES;
				CLANG_WARN_ENUM_CONVERSION = YES;
				CLANG_WARN_INFINITE_RECURSION = YES;
				CLANG_WARN_INT_CONVERSION = YES;
				CLANG_WARN_NON_LITERAL_NULL_CONVERSION = YES;
				CLANG_WARN_OBJC_IMPLICIT_RETAIN_SELF = YES;
				CLANG_WARN_OBJC_LITERAL_CONVERSION = YES;
				CLANG_WARN_OBJC_ROOT_CLASS = YES_ERROR;
				CLANG_WARN_QUOTED_INCLUDE_IN_FRAMEWORK_HEADER = YES;
				CLANG_WARN_RANGE_LOOP_ANALYSIS = YES;
				CLANG_WARN_STRICT_PROTOTYPES = YES;
				CLANG_WARN_SUSPICIOUS_MOVE = YES;
				CLANG_WARN_UNGUARDED_AVAILABILITY = YES_AGGRESSIVE;
				CLANG_WARN_UNREACHABLE_CODE = YES;
				CLANG_WARN__DUPLICATE_METHOD_MATCH = YES;
				COPY_PHASE_STRIP = NO;
				DEBUG_INFORMATION_FORMAT = dwarf;
				ENABLE_STRICT_OBJC_MSGSEND = YES;
				ENABLE_TESTABILITY = YES;
				ENABLE_USER_SCRIPT_SANDBOXING = YES;
				GCC_C_LANGUAGE_STANDARD = gnu17;
				GCC_DYNAMIC_NO_PIC = NO;
				GCC_NO_COMMON_BLOCKS = YES;
				GCC_OPTIMIZATION_LEVEL = 0;
				GCC_PREPROCESSOR_DEFINITIONS = (
					"DEBUG=1",
					"$(inherited)",
				);
				GCC_WARN_64_TO_32_BIT_CONVERSION = YES;
				GCC_WARN_ABOUT_RETURN_TYPE = YES_ERROR;
				GCC_WARN_UNDECLARED_SELECTOR = YES;
				GCC_WARN_UNINITIALIZED_AUTOS = YES_AGGRESSIVE;
				GCC_WARN_UNUSED_FUNCTION = YES;
				GCC_WARN_UNUSED_VARIABLE = YES;
				IPHONEOS_DEPLOYMENT_TARGET = 17.4;
				LOCALIZATION_PREFERS_STRING_CATALOGS = YES;
				MTL_ENABLE_DEBUG_INFO = INCLUDE_SOURCE;
				MTL_FAST_MATH = YES;
				ONLY_ACTIVE_ARCH = YES;
				SDKROOT = iphoneos;
				SWIFT_ACTIVE_COMPILATION_CONDITIONS = "DEBUG $(inherited)";
				SWIFT_OPTIMIZATION_LEVEL = "-Onone";
			};
			name = Debug;
		};
		724FC8B22C4E36A200CDA561 /* Release */ = {
			isa = XCBuildConfiguration;
			buildSettings = {
				ALWAYS_SEARCH_USER_PATHS = NO;
				ASSETCATALOG_COMPILER_GENERATE_SWIFT_ASSET_SYMBOL_EXTENSIONS = YES;
				CLANG_ANALYZER_NONNULL = YES;
				CLANG_ANALYZER_NUMBER_OBJECT_CONVERSION = YES_AGGRESSIVE;
				CLANG_CXX_LANGUAGE_STANDARD = "gnu++20";
				CLANG_ENABLE_MODULES = YES;
				CLANG_ENABLE_OBJC_ARC = YES;
				CLANG_ENABLE_OBJC_WEAK = YES;
				CLANG_WARN_BLOCK_CAPTURE_AUTORELEASING = YES;
				CLANG_WARN_BOOL_CONVERSION = YES;
				CLANG_WARN_COMMA = YES;
				CLANG_WARN_CONSTANT_CONVERSION = YES;
				CLANG_WARN_DEPRECATED_OBJC_IMPLEMENTATIONS = YES;
				CLANG_WARN_DIRECT_OBJC_ISA_USAGE = YES_ERROR;
				CLANG_WARN_DOCUMENTATION_COMMENTS = YES;
				CLANG_WARN_EMPTY_BODY = YES;
				CLANG_WARN_ENUM_CONVERSION = YES;
				CLANG_WARN_INFINITE_RECURSION = YES;
				CLANG_WARN_INT_CONVERSION = YES;
				CLANG_WARN_NON_LITERAL_NULL_CONVERSION = YES;
				CLANG_WARN_OBJC_IMPLICIT_RETAIN_SELF = YES;
				CLANG_WARN_OBJC_LITERAL_CONVERSION = YES;
				CLANG_WARN_OBJC_ROOT_CLASS = YES_ERROR;
				CLANG_WARN_QUOTED_INCLUDE_IN_FRAMEWORK_HEADER = YES;
				CLANG_WARN_RANGE_LOOP_ANALYSIS = YES;
				CLANG_WARN_STRICT_PROTOTYPES = YES;
				CLANG_WARN_SUSPICIOUS_MOVE = YES;
				CLANG_WARN_UNGUARDED_AVAILABILITY = YES_AGGRESSIVE;
				CLANG_WARN_UNREACHABLE_CODE = YES;
				CLANG_WARN__DUPLICATE_METHOD_MATCH = YES;
				COPY_PHASE_STRIP = NO;
				DEBUG_INFORMATION_FORMAT = "dwarf-with-dsym";
				ENABLE_NS_ASSERTIONS = NO;
				ENABLE_STRICT_OBJC_MSGSEND = YES;
				ENABLE_USER_SCRIPT_SANDBOXING = YES;
				GCC_C_LANGUAGE_STANDARD = gnu17;
				GCC_NO_COMMON_BLOCKS = YES;
				GCC_WARN_64_TO_32_BIT_CONVERSION = YES;
				GCC_WARN_ABOUT_RETURN_TYPE = YES_ERROR;
				GCC_WARN_UNDECLARED_SELECTOR = YES;
				GCC_WARN_UNINITIALIZED_AUTOS = YES_AGGRESSIVE;
				GCC_WARN_UNUSED_FUNCTION = YES;
				GCC_WARN_UNUSED_VARIABLE = YES;
				IPHONEOS_DEPLOYMENT_TARGET = 17.4;
				LOCALIZATION_PREFERS_STRING_CATALOGS = YES;
				MTL_ENABLE_DEBUG_INFO = NO;
				MTL_FAST_MATH = YES;
				SDKROOT = iphoneos;
				SWIFT_COMPILATION_MODE = wholemodule;
				VALIDATE_PRODUCT = YES;
			};
			name = Release;
		};
		724FC8B42C4E36A200CDA561 /* Debug */ = {
			isa = XCBuildConfiguration;
			buildSettings = {
				ASSETCATALOG_COMPILER_APPICON_NAME = AppIcon;
				ASSETCATALOG_COMPILER_GLOBAL_ACCENT_COLOR_NAME = AccentColor;
				CODE_SIGN_STYLE = Automatic;
				CURRENT_PROJECT_VERSION = 1;
				DEVELOPMENT_TEAM = QQN262X7KM;
				GENERATE_INFOPLIST_FILE = YES;
				INFOPLIST_FILE = MyPolaroid/Info.plist;
				INFOPLIST_KEY_UIApplicationSupportsIndirectInputEvents = YES;
				INFOPLIST_KEY_UILaunchStoryboardName = LaunchScreen;
				INFOPLIST_KEY_UISupportedInterfaceOrientations = UIInterfaceOrientationPortrait;
				INFOPLIST_KEY_UISupportedInterfaceOrientations_iPad = UIInterfaceOrientationPortrait;
				IPHONEOS_DEPLOYMENT_TARGET = 15.0;
				LD_RUNPATH_SEARCH_PATHS = (
					"$(inherited)",
					"@executable_path/Frameworks",
				);
				MARKETING_VERSION = 1.0;
				PRODUCT_BUNDLE_IDENTIFIER = com.Jun.MyPolaroid;
				PRODUCT_NAME = "$(TARGET_NAME)";
				SUPPORTED_PLATFORMS = "iphoneos iphonesimulator";
				SUPPORTS_MACCATALYST = NO;
				SUPPORTS_MAC_DESIGNED_FOR_IPHONE_IPAD = NO;
				SUPPORTS_XR_DESIGNED_FOR_IPHONE_IPAD = NO;
				SWIFT_EMIT_LOC_STRINGS = YES;
				SWIFT_VERSION = 5.0;
				TARGETED_DEVICE_FAMILY = 1;
			};
			name = Debug;
		};
		724FC8B52C4E36A200CDA561 /* Release */ = {
			isa = XCBuildConfiguration;
			buildSettings = {
				ASSETCATALOG_COMPILER_APPICON_NAME = AppIcon;
				ASSETCATALOG_COMPILER_GLOBAL_ACCENT_COLOR_NAME = AccentColor;
				CODE_SIGN_STYLE = Automatic;
				CURRENT_PROJECT_VERSION = 1;
				DEVELOPMENT_TEAM = QQN262X7KM;
				GENERATE_INFOPLIST_FILE = YES;
				INFOPLIST_FILE = MyPolaroid/Info.plist;
				INFOPLIST_KEY_UIApplicationSupportsIndirectInputEvents = YES;
				INFOPLIST_KEY_UILaunchStoryboardName = LaunchScreen;
				INFOPLIST_KEY_UISupportedInterfaceOrientations = UIInterfaceOrientationPortrait;
				INFOPLIST_KEY_UISupportedInterfaceOrientations_iPad = UIInterfaceOrientationPortrait;
				IPHONEOS_DEPLOYMENT_TARGET = 15.0;
				LD_RUNPATH_SEARCH_PATHS = (
					"$(inherited)",
					"@executable_path/Frameworks",
				);
				MARKETING_VERSION = 1.0;
				PRODUCT_BUNDLE_IDENTIFIER = com.Jun.MyPolaroid;
				PRODUCT_NAME = "$(TARGET_NAME)";
				SUPPORTED_PLATFORMS = "iphoneos iphonesimulator";
				SUPPORTS_MACCATALYST = NO;
				SUPPORTS_MAC_DESIGNED_FOR_IPHONE_IPAD = NO;
				SUPPORTS_XR_DESIGNED_FOR_IPHONE_IPAD = NO;
				SWIFT_EMIT_LOC_STRINGS = YES;
				SWIFT_VERSION = 5.0;
				TARGETED_DEVICE_FAMILY = 1;
			};
			name = Release;
		};
/* End XCBuildConfiguration section */

/* Begin XCConfigurationList section */
		724FC89A2C4E36A000CDA561 /* Build configuration list for PBXProject "MyPolaroid" */ = {
			isa = XCConfigurationList;
			buildConfigurations = (
				724FC8B12C4E36A200CDA561 /* Debug */,
				724FC8B22C4E36A200CDA561 /* Release */,
			);
			defaultConfigurationIsVisible = 0;
			defaultConfigurationName = Release;
		};
		724FC8B32C4E36A200CDA561 /* Build configuration list for PBXNativeTarget "MyPolaroid" */ = {
			isa = XCConfigurationList;
			buildConfigurations = (
				724FC8B42C4E36A200CDA561 /* Debug */,
				724FC8B52C4E36A200CDA561 /* Release */,
			);
			defaultConfigurationIsVisible = 0;
			defaultConfigurationName = Release;
		};
/* End XCConfigurationList section */

/* Begin XCRemoteSwiftPackageReference section */
		724FC8CD2C4E4B2700CDA561 /* XCRemoteSwiftPackageReference "SnapKit" */ = {
			isa = XCRemoteSwiftPackageReference;
			repositoryURL = "https://github.com/SnapKit/SnapKit.git";
			requirement = {
				kind = upToNextMajorVersion;
				minimumVersion = 5.7.1;
			};
		};
/* End XCRemoteSwiftPackageReference section */

/* Begin XCSwiftPackageProductDependency section */
		724FC8CE2C4E4B2700CDA561 /* SnapKit */ = {
			isa = XCSwiftPackageProductDependency;
			package = 724FC8CD2C4E4B2700CDA561 /* XCRemoteSwiftPackageReference "SnapKit" */;
			productName = SnapKit;
		};
/* End XCSwiftPackageProductDependency section */
	};
	rootObject = 724FC8972C4E36A000CDA561 /* Project object */;
}
